// !$*UTF8*$!
{
	archiveVersion = 1;
	classes = {
	};
	objectVersion = 46;
	objects = {

/* Begin PBXBuildFile section */
		00D1D8EB76679343ADFF4D08 /* libPods-two.a in Frameworks */ = {isa = PBXBuildFile; fileRef = B24A93E7C1A2609965E890D1 /* libPods-two.a */; };
		CD00523B1DF8FFAE00E76BF5 /* SchoolViewController.m in Sources */ = {isa = PBXBuildFile; fileRef = CD00523A1DF8FFAE00E76BF5 /* SchoolViewController.m */; };
		CD00523E1DF907A400E76BF5 /* courceOneCell.m in Sources */ = {isa = PBXBuildFile; fileRef = CD00523D1DF907A400E76BF5 /* courceOneCell.m */; };
		CD0052411DF907B500E76BF5 /* courceThreeCell.m in Sources */ = {isa = PBXBuildFile; fileRef = CD0052401DF907B500E76BF5 /* courceThreeCell.m */; };
		CD0052441DF907C600E76BF5 /* courceFourCell.m in Sources */ = {isa = PBXBuildFile; fileRef = CD0052431DF907C600E76BF5 /* courceFourCell.m */; };
		CD00524D1DF9402300E76BF5 /* MoreViewController.m in Sources */ = {isa = PBXBuildFile; fileRef = CD00524C1DF9402300E76BF5 /* MoreViewController.m */; };
		CD0052501DF94B6700E76BF5 /* DetailViewController.m in Sources */ = {isa = PBXBuildFile; fileRef = CD00524F1DF94B6700E76BF5 /* DetailViewController.m */; };
		CD0052531DF94B7700E76BF5 /* CommentViewController.m in Sources */ = {isa = PBXBuildFile; fileRef = CD0052521DF94B7700E76BF5 /* CommentViewController.m */; };
		CD0C0BB11DF7AD150044F7AC /* headerView.m in Sources */ = {isa = PBXBuildFile; fileRef = CD0C0BB01DF7AD150044F7AC /* headerView.m */; };
		CD0D3EDB1DFA43880049F30E /* commentCell.m in Sources */ = {isa = PBXBuildFile; fileRef = CD0D3EDA1DFA43880049F30E /* commentCell.m */; };
		CD1430CC1DEFA90000B9B74E /* oneCell.m in Sources */ = {isa = PBXBuildFile; fileRef = CD1430CA1DEFA90000B9B74E /* oneCell.m */; };
		CD1430D61DEFCD2900B9B74E /* NetworkSingleton.m in Sources */ = {isa = PBXBuildFile; fileRef = CD1430D51DEFCD2900B9B74E /* NetworkSingleton.m */; };
		CD1430DB1DF007BB00B9B74E /* twoCell.m in Sources */ = {isa = PBXBuildFile; fileRef = CD1430D91DF007BB00B9B74E /* twoCell.m */; };
		CD1430DE1DF0084100B9B74E /* MainVC.m in Sources */ = {isa = PBXBuildFile; fileRef = CD1430DC1DF0084100B9B74E /* MainVC.m */; };
		CD2B9A801DF4F612001EAB3F /* FirstDetailViewController.m in Sources */ = {isa = PBXBuildFile; fileRef = CD2B9A7F1DF4F612001EAB3F /* FirstDetailViewController.m */; };
		CD2B9A831DF572B6001EAB3F /* firstDetailCell.m in Sources */ = {isa = PBXBuildFile; fileRef = CD2B9A821DF572B6001EAB3F /* firstDetailCell.m */; };
		CD8386C11DF7BF7B00C0D534 /* headerCell.m in Sources */ = {isa = PBXBuildFile; fileRef = CD8386C01DF7BF7B00C0D534 /* headerCell.m */; };
		CD8386C61DF7FA3700C0D534 /* VideoDetailViewController.m in Sources */ = {isa = PBXBuildFile; fileRef = CD8386C51DF7FA3700C0D534 /* VideoDetailViewController.m */; };
		CDA8949F1DEC39C00078D2FF /* main.m in Sources */ = {isa = PBXBuildFile; fileRef = CDA8949E1DEC39C00078D2FF /* main.m */; };
		CDA894A21DEC39C00078D2FF /* AppDelegate.m in Sources */ = {isa = PBXBuildFile; fileRef = CDA894A11DEC39C00078D2FF /* AppDelegate.m */; };
		CDA894A51DEC39C00078D2FF /* ViewController.m in Sources */ = {isa = PBXBuildFile; fileRef = CDA894A41DEC39C00078D2FF /* ViewController.m */; };
		CDA894A81DEC39C00078D2FF /* Main.storyboard in Resources */ = {isa = PBXBuildFile; fileRef = CDA894A61DEC39C00078D2FF /* Main.storyboard */; };
		CDA894AA1DEC39C00078D2FF /* Assets.xcassets in Resources */ = {isa = PBXBuildFile; fileRef = CDA894A91DEC39C00078D2FF /* Assets.xcassets */; };
		CDA894AD1DEC39C00078D2FF /* LaunchScreen.storyboard in Resources */ = {isa = PBXBuildFile; fileRef = CDA894AB1DEC39C00078D2FF /* LaunchScreen.storyboard */; };
		CDA894B81DEC39C00078D2FF /* twoTests.m in Sources */ = {isa = PBXBuildFile; fileRef = CDA894B71DEC39C00078D2FF /* twoTests.m */; };
		CDA894C31DEC39C00078D2FF /* twoUITests.m in Sources */ = {isa = PBXBuildFile; fileRef = CDA894C21DEC39C00078D2FF /* twoUITests.m */; };
		CDDA4E801DED11C400506B0A /* MainTabBar.m in Sources */ = {isa = PBXBuildFile; fileRef = CDDA4E7F1DED11C400506B0A /* MainTabBar.m */; };
		CDDA4E831DED13CA00506B0A /* LessonVC.m in Sources */ = {isa = PBXBuildFile; fileRef = CDDA4E821DED13CA00506B0A /* LessonVC.m */; };
		CDDA4E861DED13E700506B0A /* MineVC.m in Sources */ = {isa = PBXBuildFile; fileRef = CDDA4E851DED13E700506B0A /* MineVC.m */; };
		CDDA4E891DED142700506B0A /* DownLoadVC.m in Sources */ = {isa = PBXBuildFile; fileRef = CDDA4E881DED142700506B0A /* DownLoadVC.m */; };
		CDDA4E8C1DED149C00506B0A /* NavigationVC.m in Sources */ = {isa = PBXBuildFile; fileRef = CDDA4E8B1DED149C00506B0A /* NavigationVC.m */; };
		CDDA4E911DED1B2700506B0A /* BaseViewController.m in Sources */ = {isa = PBXBuildFile; fileRef = CDDA4E8E1DED1B2700506B0A /* BaseViewController.m */; };
		CDDA4E921DED1B2700506B0A /* SearchBaseController.m in Sources */ = {isa = PBXBuildFile; fileRef = CDDA4E901DED1B2700506B0A /* SearchBaseController.m */; };
		CDDA4E951DED1B3900506B0A /* UIView+frame.m in Sources */ = {isa = PBXBuildFile; fileRef = CDDA4E931DED1B3900506B0A /* UIView+frame.m */; };
		CDDA4E981DED1BAF00506B0A /* SearchVC.m in Sources */ = {isa = PBXBuildFile; fileRef = CDDA4E961DED1BAF00506B0A /* SearchVC.m */; };
		CDDA4EAC1DED509D00506B0A /* segementView.m in Sources */ = {isa = PBXBuildFile; fileRef = CDDA4EAA1DED509D00506B0A /* segementView.m */; };
		CDDA4EC31DED61E500506B0A /* DSCarouselView.m in Sources */ = {isa = PBXBuildFile; fileRef = CDDA4EBF1DED61E500506B0A /* DSCarouselView.m */; };
		CDDA4EC41DED61E500506B0A /* DSCollectionViewCell.m in Sources */ = {isa = PBXBuildFile; fileRef = CDDA4EC11DED61E500506B0A /* DSCollectionViewCell.m */; };
		CDDA4EC51DED61E500506B0A /* DSCollectionViewCell.xib in Resources */ = {isa = PBXBuildFile; fileRef = CDDA4EC21DED61E500506B0A /* DSCollectionViewCell.xib */; };
		CDF43DFE1DEE572000AD1CB9 /* channel_icon_abroad_pre.png in Resources */ = {isa = PBXBuildFile; fileRef = CDF43DAF1DEE572000AD1CB9 /* channel_icon_abroad_pre.png */; };
		CDF43DFF1DEE572000AD1CB9 /* channel_icon_abroad_unpre.png in Resources */ = {isa = PBXBuildFile; fileRef = CDF43DB01DEE572000AD1CB9 /* channel_icon_abroad_unpre.png */; };
		CDF43E001DEE572000AD1CB9 /* channel_icon_certificate_pre.png in Resources */ = {isa = PBXBuildFile; fileRef = CDF43DB11DEE572000AD1CB9 /* channel_icon_certificate_pre.png */; };
		CDF43E011DEE572000AD1CB9 /* channel_icon_certificate_unpre.png in Resources */ = {isa = PBXBuildFile; fileRef = CDF43DB21DEE572000AD1CB9 /* channel_icon_certificate_unpre.png */; };
		CDF43E021DEE572000AD1CB9 /* channel_icon_college_pre.png in Resources */ = {isa = PBXBuildFile; fileRef = CDF43DB31DEE572000AD1CB9 /* channel_icon_college_pre.png */; };
		CDF43E031DEE572000AD1CB9 /* channel_icon_college_unpre.png in Resources */ = {isa = PBXBuildFile; fileRef = CDF43DB41DEE572000AD1CB9 /* channel_icon_college_unpre.png */; };
		CDF43E041DEE572000AD1CB9 /* channel_icon_design_pre.png in Resources */ = {isa = PBXBuildFile; fileRef = CDF43DB51DEE572000AD1CB9 /* channel_icon_design_pre.png */; };
		CDF43E051DEE572000AD1CB9 /* channel_icon_design_unpre.png in Resources */ = {isa = PBXBuildFile; fileRef = CDF43DB61DEE572000AD1CB9 /* channel_icon_design_unpre.png */; };
		CDF43E061DEE572000AD1CB9 /* channel_icon_entertainment_pre.png in Resources */ = {isa = PBXBuildFile; fileRef = CDF43DB71DEE572000AD1CB9 /* channel_icon_entertainment_pre.png */; };
		CDF43E071DEE572000AD1CB9 /* channel_icon_entertainment_unpre.png in Resources */ = {isa = PBXBuildFile; fileRef = CDF43DB81DEE572000AD1CB9 /* channel_icon_entertainment_unpre.png */; };
		CDF43E081DEE572000AD1CB9 /* channel_icon_foreign_pre.png in Resources */ = {isa = PBXBuildFile; fileRef = CDF43DB91DEE572000AD1CB9 /* channel_icon_foreign_pre.png */; };
		CDF43E091DEE572000AD1CB9 /* channel_icon_foreign_unpre.png in Resources */ = {isa = PBXBuildFile; fileRef = CDF43DBA1DEE572000AD1CB9 /* channel_icon_foreign_unpre.png */; };
		CDF43E0A1DEE572000AD1CB9 /* channel_icon_invest_pre.png in Resources */ = {isa = PBXBuildFile; fileRef = CDF43DBB1DEE572000AD1CB9 /* channel_icon_invest_pre.png */; };
		CDF43E0B1DEE572000AD1CB9 /* channel_icon_invest_unpre.png in Resources */ = {isa = PBXBuildFile; fileRef = CDF43DBC1DEE572000AD1CB9 /* channel_icon_invest_unpre.png */; };
		CDF43E0C1DEE572000AD1CB9 /* channel_icon_live_pre.png in Resources */ = {isa = PBXBuildFile; fileRef = CDF43DBD1DEE572000AD1CB9 /* channel_icon_live_pre.png */; };
		CDF43E0D1DEE572000AD1CB9 /* channel_icon_live_unpre.png in Resources */ = {isa = PBXBuildFile; fileRef = CDF43DBE1DEE572000AD1CB9 /* channel_icon_live_unpre.png */; };
		CDF43E0E1DEE572000AD1CB9 /* channel_icon_program_pre.png in Resources */ = {isa = PBXBuildFile; fileRef = CDF43DBF1DEE572000AD1CB9 /* channel_icon_program_pre.png */; };
		CDF43E0F1DEE572000AD1CB9 /* channel_icon_program_unpre.png in Resources */ = {isa = PBXBuildFile; fileRef = CDF43DC01DEE572000AD1CB9 /* channel_icon_program_unpre.png */; };
		CDF43E101DEE572000AD1CB9 /* channel_icon_school_pre.png in Resources */ = {isa = PBXBuildFile; fileRef = CDF43DC11DEE572000AD1CB9 /* channel_icon_school_pre.png */; };
		CDF43E111DEE572000AD1CB9 /* channel_icon_school_unpre.png in Resources */ = {isa = PBXBuildFile; fileRef = CDF43DC21DEE572000AD1CB9 /* channel_icon_school_unpre.png */; };
		CDF43E121DEE572000AD1CB9 /* channel_icon_servant_pre.png in Resources */ = {isa = PBXBuildFile; fileRef = CDF43DC31DEE572000AD1CB9 /* channel_icon_servant_pre.png */; };
		CDF43E131DEE572000AD1CB9 /* channel_icon_servant_unpre.png in Resources */ = {isa = PBXBuildFile; fileRef = CDF43DC41DEE572000AD1CB9 /* channel_icon_servant_unpre.png */; };
		CDF43E141DEE572000AD1CB9 /* channel_icon_work_pre.png in Resources */ = {isa = PBXBuildFile; fileRef = CDF43DC51DEE572000AD1CB9 /* channel_icon_work_pre.png */; };
		CDF43E151DEE572000AD1CB9 /* channel_icon_work_unpre.png in Resources */ = {isa = PBXBuildFile; fileRef = CDF43DC61DEE572000AD1CB9 /* channel_icon_work_unpre.png */; };
		CDF43E161DEE572000AD1CB9 /* course_class_study_status_end.png in Resources */ = {isa = PBXBuildFile; fileRef = CDF43DC71DEE572000AD1CB9 /* course_class_study_status_end.png */; };
		CDF43E171DEE572000AD1CB9 /* course_class_study_status_ing.png in Resources */ = {isa = PBXBuildFile; fileRef = CDF43DC81DEE572000AD1CB9 /* course_class_study_status_ing.png */; };
		CDF43E181DEE572000AD1CB9 /* course_class_study_status_not.png in Resources */ = {isa = PBXBuildFile; fileRef = CDF43DC91DEE572000AD1CB9 /* course_class_study_status_not.png */; };
		CDF43E191DEE572000AD1CB9 /* course_info_bg_collect@2x.png in Resources */ = {isa = PBXBuildFile; fileRef = CDF43DCA1DEE572000AD1CB9 /* course_info_bg_collect@2x.png */; };
		CDF43E1A1DEE572000AD1CB9 /* course_info_bg_collected@2x.png in Resources */ = {isa = PBXBuildFile; fileRef = CDF43DCB1DEE572000AD1CB9 /* course_info_bg_collected@2x.png */; };
		CDF43E1B1DEE572000AD1CB9 /* course_school_classify_icon.png in Resources */ = {isa = PBXBuildFile; fileRef = CDF43DCC1DEE572000AD1CB9 /* course_school_classify_icon.png */; };
		CDF43E1C1DEE572000AD1CB9 /* course_school_icon.png in Resources */ = {isa = PBXBuildFile; fileRef = CDF43DCD1DEE572000AD1CB9 /* course_school_icon.png */; };
		CDF43E1D1DEE572000AD1CB9 /* course_studs_nums.png in Resources */ = {isa = PBXBuildFile; fileRef = CDF43DCE1DEE572000AD1CB9 /* course_studs_nums.png */; };
		CDF43E1E1DEE572000AD1CB9 /* bg_icon_to_launcher_pre.png in Resources */ = {isa = PBXBuildFile; fileRef = CDF43DD01DEE572000AD1CB9 /* bg_icon_to_launcher_pre.png */; };
		CDF43E1F1DEE572000AD1CB9 /* bg_icon_to_launcher_unpre.png in Resources */ = {isa = PBXBuildFile; fileRef = CDF43DD11DEE572000AD1CB9 /* bg_icon_to_launcher_unpre.png */; };
		CDF43E201DEE572000AD1CB9 /* bg_school_share_pre.png in Resources */ = {isa = PBXBuildFile; fileRef = CDF43DD21DEE572000AD1CB9 /* bg_school_share_pre.png */; };
		CDF43E211DEE572000AD1CB9 /* bg_school_share_unpre.png in Resources */ = {isa = PBXBuildFile; fileRef = CDF43DD31DEE572000AD1CB9 /* bg_school_share_unpre.png */; };
		CDF43E221DEE572000AD1CB9 /* course_catalog_icon.png in Resources */ = {isa = PBXBuildFile; fileRef = CDF43DD41DEE572000AD1CB9 /* course_catalog_icon.png */; };
		CDF43E231DEE572000AD1CB9 /* course_class_nums_icon.png in Resources */ = {isa = PBXBuildFile; fileRef = CDF43DD51DEE572000AD1CB9 /* course_class_nums_icon.png */; };
		CDF43E241DEE572000AD1CB9 /* course_info_icon.png in Resources */ = {isa = PBXBuildFile; fileRef = CDF43DD61DEE572000AD1CB9 /* course_info_icon.png */; };
		CDF43E251DEE572000AD1CB9 /* course_info_title_vote@2x.png in Resources */ = {isa = PBXBuildFile; fileRef = CDF43DD71DEE572000AD1CB9 /* course_info_title_vote@2x.png */; };
		CDF43E261DEE572000AD1CB9 /* course_live_icon.png in Resources */ = {isa = PBXBuildFile; fileRef = CDF43DD81DEE572000AD1CB9 /* course_live_icon.png */; };
		CDF43E271DEE572000AD1CB9 /* course_studs_nums_green.png in Resources */ = {isa = PBXBuildFile; fileRef = CDF43DD91DEE572000AD1CB9 /* course_studs_nums_green.png */; };
		CDF43E281DEE572000AD1CB9 /* desktop@2x.png in Resources */ = {isa = PBXBuildFile; fileRef = CDF43DDA1DEE572000AD1CB9 /* desktop@2x.png */; };
		CDF43E291DEE572000AD1CB9 /* desktop_press@2x.png in Resources */ = {isa = PBXBuildFile; fileRef = CDF43DDB1DEE572000AD1CB9 /* desktop_press@2x.png */; };
		CDF43E2A1DEE572000AD1CB9 /* school_pic1@2x.jpg in Resources */ = {isa = PBXBuildFile; fileRef = CDF43DDC1DEE572000AD1CB9 /* school_pic1@2x.jpg */; };
		CDF43E2B1DEE572000AD1CB9 /* school_pic2@2x.jpg in Resources */ = {isa = PBXBuildFile; fileRef = CDF43DDD1DEE572000AD1CB9 /* school_pic2@2x.jpg */; };
		CDF43E2C1DEE572000AD1CB9 /* school_pic3@2x.jpg in Resources */ = {isa = PBXBuildFile; fileRef = CDF43DDE1DEE572000AD1CB9 /* school_pic3@2x.jpg */; };
		CDF43E2D1DEE572000AD1CB9 /* school_pic4@2x.jpg in Resources */ = {isa = PBXBuildFile; fileRef = CDF43DDF1DEE572000AD1CB9 /* school_pic4@2x.jpg */; };
		CDF43E2E1DEE572000AD1CB9 /* school_pic5@2x.jpg in Resources */ = {isa = PBXBuildFile; fileRef = CDF43DE01DEE572000AD1CB9 /* school_pic5@2x.jpg */; };
		CDF43E2F1DEE572000AD1CB9 /* school_pic6@2x.jpg in Resources */ = {isa = PBXBuildFile; fileRef = CDF43DE11DEE572000AD1CB9 /* school_pic6@2x.jpg */; };
		CDF43E301DEE572000AD1CB9 /* school_pic7@2x.jpg in Resources */ = {isa = PBXBuildFile; fileRef = CDF43DE21DEE572000AD1CB9 /* school_pic7@2x.jpg */; };
		CDF43E311DEE572000AD1CB9 /* school_pic8@2x.jpg in Resources */ = {isa = PBXBuildFile; fileRef = CDF43DE31DEE572000AD1CB9 /* school_pic8@2x.jpg */; };
		CDF43E321DEE572000AD1CB9 /* school_pic9@2x.jpg in Resources */ = {isa = PBXBuildFile; fileRef = CDF43DE41DEE572000AD1CB9 /* school_pic9@2x.jpg */; };
		CDF43E331DEE572000AD1CB9 /* share@2x.png in Resources */ = {isa = PBXBuildFile; fileRef = CDF43DE51DEE572000AD1CB9 /* share@2x.png */; };
		CDF43E341DEE572000AD1CB9 /* share_press@2x.png in Resources */ = {isa = PBXBuildFile; fileRef = CDF43DE61DEE572000AD1CB9 /* share_press@2x.png */; };
		CDF43E351DEE572000AD1CB9 /* file_tital_back_but@2x.png in Resources */ = {isa = PBXBuildFile; fileRef = CDF43DE71DEE572000AD1CB9 /* file_tital_back_but@2x.png */; };
		CDF43E361DEE572000AD1CB9 /* search_btn_unpre_bg.png in Resources */ = {isa = PBXBuildFile; fileRef = CDF43DE81DEE572000AD1CB9 /* search_btn_unpre_bg.png */; };
		CDF43E371DEE572000AD1CB9 /* test_status_end.png in Resources */ = {isa = PBXBuildFile; fileRef = CDF43DE91DEE572000AD1CB9 /* test_status_end.png */; };
		CDF43E381DEE572000AD1CB9 /* test_status_ing.png in Resources */ = {isa = PBXBuildFile; fileRef = CDF43DEA1DEE572000AD1CB9 /* test_status_ing.png */; };
		CDF43E391DEE572000AD1CB9 /* test_status_not.png in Resources */ = {isa = PBXBuildFile; fileRef = CDF43DEB1DEE572000AD1CB9 /* test_status_not.png */; };
		CDF43E3A1DEE572000AD1CB9 /* voice@2x.png in Resources */ = {isa = PBXBuildFile; fileRef = CDF43DEC1DEE572000AD1CB9 /* voice@2x.png */; };
		CDF43E3B1DEE572000AD1CB9 /* defualt_course_icon.jpg in Resources */ = {isa = PBXBuildFile; fileRef = CDF43DED1DEE572000AD1CB9 /* defualt_course_icon.jpg */; };
		CDF43E3C1DEE572000AD1CB9 /* LaunchImageIPhone-568h@2x.png in Resources */ = {isa = PBXBuildFile; fileRef = CDF43DEF1DEE572000AD1CB9 /* LaunchImageIPhone-568h@2x.png */; };
		CDF43E3D1DEE572000AD1CB9 /* LaunchImageIPhone-700@2x.png in Resources */ = {isa = PBXBuildFile; fileRef = CDF43DF01DEE572000AD1CB9 /* LaunchImageIPhone-700@2x.png */; };
		CDF43E3E1DEE572000AD1CB9 /* LaunchImageIPhone-800-667h@2x.png in Resources */ = {isa = PBXBuildFile; fileRef = CDF43DF11DEE572000AD1CB9 /* LaunchImageIPhone-800-667h@2x.png */; };
		CDF43E3F1DEE572000AD1CB9 /* LaunchImageIPhone-800-Portrait-736h@3x.png in Resources */ = {isa = PBXBuildFile; fileRef = CDF43DF21DEE572000AD1CB9 /* LaunchImageIPhone-800-Portrait-736h@3x.png */; };
		CDF43E401DEE572000AD1CB9 /* lesson_default@2x.png in Resources */ = {isa = PBXBuildFile; fileRef = CDF43DF31DEE572000AD1CB9 /* lesson_default@2x.png */; };
		CDF43E411DEE572000AD1CB9 /* icon_listheader_animation_1@2x.png in Resources */ = {isa = PBXBuildFile; fileRef = CDF43DF51DEE572000AD1CB9 /* icon_listheader_animation_1@2x.png */; };
		CDF43E421DEE572000AD1CB9 /* icon_listheader_animation_2@2x.png in Resources */ = {isa = PBXBuildFile; fileRef = CDF43DF61DEE572000AD1CB9 /* icon_listheader_animation_2@2x.png */; };
		CDF43E431DEE572000AD1CB9 /* bottom_tab1_pre@2x.png in Resources */ = {isa = PBXBuildFile; fileRef = CDF43DF81DEE572000AD1CB9 /* bottom_tab1_pre@2x.png */; };
		CDF43E441DEE572000AD1CB9 /* bottom_tab1_unpre@2x.png in Resources */ = {isa = PBXBuildFile; fileRef = CDF43DF91DEE572000AD1CB9 /* bottom_tab1_unpre@2x.png */; };
		CDF43E451DEE572000AD1CB9 /* bottom_tab2_pre@2x.png in Resources */ = {isa = PBXBuildFile; fileRef = CDF43DFA1DEE572000AD1CB9 /* bottom_tab2_pre@2x.png */; };
		CDF43E461DEE572000AD1CB9 /* bottom_tab2_unpre@2x.png in Resources */ = {isa = PBXBuildFile; fileRef = CDF43DFB1DEE572000AD1CB9 /* bottom_tab2_unpre@2x.png */; };
		CDF43E471DEE572000AD1CB9 /* bottom_tab3_pre@2x.png in Resources */ = {isa = PBXBuildFile; fileRef = CDF43DFC1DEE572000AD1CB9 /* bottom_tab3_pre@2x.png */; };
		CDF43E481DEE572000AD1CB9 /* bottom_tab3_unpre@2x.png in Resources */ = {isa = PBXBuildFile; fileRef = CDF43DFD1DEE572000AD1CB9 /* bottom_tab3_unpre@2x.png */; };
		CDF43E4E1DEE835300AD1CB9 /* ClassficViewController.m in Sources */ = {isa = PBXBuildFile; fileRef = CDF43E4D1DEE835300AD1CB9 /* ClassficViewController.m */; };
		CDF43E511DEE9DFF00AD1CB9 /* classifyCell.m in Sources */ = {isa = PBXBuildFile; fileRef = CDF43E4F1DEE9DFF00AD1CB9 /* classifyCell.m */; };
		CDF43E531DEEA91700AD1CB9 /* classCategory.plist in Resources */ = {isa = PBXBuildFile; fileRef = CDF43E521DEEA91700AD1CB9 /* classCategory.plist */; };
		CDF43E551DEEAA1100AD1CB9 /* InfoConfig.plist in Resources */ = {isa = PBXBuildFile; fileRef = CDF43E541DEEAA1100AD1CB9 /* InfoConfig.plist */; };
		CDF43E571DEEAB7700AD1CB9 /* iCategoryList.plist in Resources */ = {isa = PBXBuildFile; fileRef = CDF43E561DEEAB7700AD1CB9 /* iCategoryList.plist */; };
		CDF43E5A1DEEB2B700AD1CB9 /* classficModel.m in Sources */ = {isa = PBXBuildFile; fileRef = CDF43E591DEEB2B700AD1CB9 /* classficModel.m */; };
		CDF43E5D1DEEC44000AD1CB9 /* ListViewController.m in Sources */ = {isa = PBXBuildFile; fileRef = CDF43E5C1DEEC44000AD1CB9 /* ListViewController.m */; };
		CDF69B301DF1290D00AC5386 /* listViewCell.m in Sources */ = {isa = PBXBuildFile; fileRef = CDF69B2F1DF1290D00AC5386 /* listViewCell.m */; };
/* End PBXBuildFile section */

/* Begin PBXContainerItemProxy section */
		CDA894B41DEC39C00078D2FF /* PBXContainerItemProxy */ = {
			isa = PBXContainerItemProxy;
			containerPortal = CDA894921DEC39C00078D2FF /* Project object */;
			proxyType = 1;
			remoteGlobalIDString = CDA894991DEC39C00078D2FF;
			remoteInfo = two;
		};
		CDA894BF1DEC39C00078D2FF /* PBXContainerItemProxy */ = {
			isa = PBXContainerItemProxy;
			containerPortal = CDA894921DEC39C00078D2FF /* Project object */;
			proxyType = 1;
			remoteGlobalIDString = CDA894991DEC39C00078D2FF;
			remoteInfo = two;
		};
/* End PBXContainerItemProxy section */

/* Begin PBXFileReference section */
		010167A0C2A5A9C0A50ADCDC /* Pods-two.release.xcconfig */ = {isa = PBXFileReference; includeInIndex = 1; lastKnownFileType = text.xcconfig; name = "Pods-two.release.xcconfig"; path = "Pods/Target Support Files/Pods-two/Pods-two.release.xcconfig"; sourceTree = "<group>"; };
		85818A108489FB7D925A2420 /* Pods-two.debug.xcconfig */ = {isa = PBXFileReference; includeInIndex = 1; lastKnownFileType = text.xcconfig; name = "Pods-two.debug.xcconfig"; path = "Pods/Target Support Files/Pods-two/Pods-two.debug.xcconfig"; sourceTree = "<group>"; };
		B24A93E7C1A2609965E890D1 /* libPods-two.a */ = {isa = PBXFileReference; explicitFileType = archive.ar; includeInIndex = 0; path = "libPods-two.a"; sourceTree = BUILT_PRODUCTS_DIR; };
		CD0052391DF8FFAE00E76BF5 /* SchoolViewController.h */ = {isa = PBXFileReference; fileEncoding = 4; lastKnownFileType = sourcecode.c.h; path = SchoolViewController.h; sourceTree = "<group>"; };
		CD00523A1DF8FFAE00E76BF5 /* SchoolViewController.m */ = {isa = PBXFileReference; fileEncoding = 4; lastKnownFileType = sourcecode.c.objc; path = SchoolViewController.m; sourceTree = "<group>"; };
		CD00523C1DF907A400E76BF5 /* courceOneCell.h */ = {isa = PBXFileReference; fileEncoding = 4; lastKnownFileType = sourcecode.c.h; path = courceOneCell.h; sourceTree = "<group>"; };
		CD00523D1DF907A400E76BF5 /* courceOneCell.m */ = {isa = PBXFileReference; fileEncoding = 4; lastKnownFileType = sourcecode.c.objc; path = courceOneCell.m; sourceTree = "<group>"; };
		CD00523F1DF907B500E76BF5 /* courceThreeCell.h */ = {isa = PBXFileReference; fileEncoding = 4; lastKnownFileType = sourcecode.c.h; path = courceThreeCell.h; sourceTree = "<group>"; };
		CD0052401DF907B500E76BF5 /* courceThreeCell.m */ = {isa = PBXFileReference; fileEncoding = 4; lastKnownFileType = sourcecode.c.objc; path = courceThreeCell.m; sourceTree = "<group>"; };
		CD0052421DF907C600E76BF5 /* courceFourCell.h */ = {isa = PBXFileReference; fileEncoding = 4; lastKnownFileType = sourcecode.c.h; path = courceFourCell.h; sourceTree = "<group>"; };
		CD0052431DF907C600E76BF5 /* courceFourCell.m */ = {isa = PBXFileReference; fileEncoding = 4; lastKnownFileType = sourcecode.c.objc; path = courceFourCell.m; sourceTree = "<group>"; };
		CD00524B1DF9402300E76BF5 /* MoreViewController.h */ = {isa = PBXFileReference; fileEncoding = 4; lastKnownFileType = sourcecode.c.h; path = MoreViewController.h; sourceTree = "<group>"; };
		CD00524C1DF9402300E76BF5 /* MoreViewController.m */ = {isa = PBXFileReference; fileEncoding = 4; lastKnownFileType = sourcecode.c.objc; path = MoreViewController.m; sourceTree = "<group>"; };
		CD00524E1DF94B6700E76BF5 /* DetailViewController.h */ = {isa = PBXFileReference; fileEncoding = 4; lastKnownFileType = sourcecode.c.h; path = DetailViewController.h; sourceTree = "<group>"; };
		CD00524F1DF94B6700E76BF5 /* DetailViewController.m */ = {isa = PBXFileReference; fileEncoding = 4; lastKnownFileType = sourcecode.c.objc; path = DetailViewController.m; sourceTree = "<group>"; };
		CD0052511DF94B7700E76BF5 /* CommentViewController.h */ = {isa = PBXFileReference; fileEncoding = 4; lastKnownFileType = sourcecode.c.h; path = CommentViewController.h; sourceTree = "<group>"; };
		CD0052521DF94B7700E76BF5 /* CommentViewController.m */ = {isa = PBXFileReference; fileEncoding = 4; lastKnownFileType = sourcecode.c.objc; path = CommentViewController.m; sourceTree = "<group>"; };
		CD0C0BAF1DF7AD150044F7AC /* headerView.h */ = {isa = PBXFileReference; fileEncoding = 4; lastKnownFileType = sourcecode.c.h; path = headerView.h; sourceTree = "<group>"; };
		CD0C0BB01DF7AD150044F7AC /* headerView.m */ = {isa = PBXFileReference; fileEncoding = 4; lastKnownFileType = sourcecode.c.objc; path = headerView.m; sourceTree = "<group>"; };
		CD0D3ED91DFA43880049F30E /* commentCell.h */ = {isa = PBXFileReference; fileEncoding = 4; lastKnownFileType = sourcecode.c.h; path = commentCell.h; sourceTree = "<group>"; };
		CD0D3EDA1DFA43880049F30E /* commentCell.m */ = {isa = PBXFileReference; fileEncoding = 4; lastKnownFileType = sourcecode.c.objc; path = commentCell.m; sourceTree = "<group>"; };
		CD1430CA1DEFA90000B9B74E /* oneCell.m */ = {isa = PBXFileReference; fileEncoding = 4; lastKnownFileType = sourcecode.c.objc; path = oneCell.m; sourceTree = "<group>"; };
		CD1430CB1DEFA90000B9B74E /* oneCell.h */ = {isa = PBXFileReference; fileEncoding = 4; lastKnownFileType = sourcecode.c.h; path = oneCell.h; sourceTree = "<group>"; };
		CD1430D41DEFCD2900B9B74E /* NetworkSingleton.h */ = {isa = PBXFileReference; fileEncoding = 4; lastKnownFileType = sourcecode.c.h; path = NetworkSingleton.h; sourceTree = "<group>"; };
		CD1430D51DEFCD2900B9B74E /* NetworkSingleton.m */ = {isa = PBXFileReference; fileEncoding = 4; lastKnownFileType = sourcecode.c.objc; path = NetworkSingleton.m; sourceTree = "<group>"; };
		CD1430D81DEFCF4100B9B74E /* HeaderUrl.h */ = {isa = PBXFileReference; lastKnownFileType = sourcecode.c.h; path = HeaderUrl.h; sourceTree = "<group>"; };
		CD1430D91DF007BB00B9B74E /* twoCell.m */ = {isa = PBXFileReference; fileEncoding = 4; lastKnownFileType = sourcecode.c.objc; path = twoCell.m; sourceTree = "<group>"; };
		CD1430DA1DF007BB00B9B74E /* twoCell.h */ = {isa = PBXFileReference; fileEncoding = 4; lastKnownFileType = sourcecode.c.h; path = twoCell.h; sourceTree = "<group>"; };
		CD1430DC1DF0084100B9B74E /* MainVC.m */ = {isa = PBXFileReference; fileEncoding = 4; lastKnownFileType = sourcecode.c.objc; path = MainVC.m; sourceTree = "<group>"; };
		CD1430DD1DF0084100B9B74E /* MainVC.h */ = {isa = PBXFileReference; fileEncoding = 4; lastKnownFileType = sourcecode.c.h; path = MainVC.h; sourceTree = "<group>"; };
		CD2B9A7E1DF4F612001EAB3F /* FirstDetailViewController.h */ = {isa = PBXFileReference; fileEncoding = 4; lastKnownFileType = sourcecode.c.h; path = FirstDetailViewController.h; sourceTree = "<group>"; };
		CD2B9A7F1DF4F612001EAB3F /* FirstDetailViewController.m */ = {isa = PBXFileReference; fileEncoding = 4; lastKnownFileType = sourcecode.c.objc; path = FirstDetailViewController.m; sourceTree = "<group>"; };
		CD2B9A811DF572B6001EAB3F /* firstDetailCell.h */ = {isa = PBXFileReference; fileEncoding = 4; lastKnownFileType = sourcecode.c.h; path = firstDetailCell.h; sourceTree = "<group>"; };
		CD2B9A821DF572B6001EAB3F /* firstDetailCell.m */ = {isa = PBXFileReference; fileEncoding = 4; lastKnownFileType = sourcecode.c.objc; path = firstDetailCell.m; sourceTree = "<group>"; };
		CD8386BF1DF7BF7B00C0D534 /* headerCell.h */ = {isa = PBXFileReference; fileEncoding = 4; lastKnownFileType = sourcecode.c.h; path = headerCell.h; sourceTree = "<group>"; };
		CD8386C01DF7BF7B00C0D534 /* headerCell.m */ = {isa = PBXFileReference; fileEncoding = 4; lastKnownFileType = sourcecode.c.objc; path = headerCell.m; sourceTree = "<group>"; };
		CD8386C41DF7FA3700C0D534 /* VideoDetailViewController.h */ = {isa = PBXFileReference; fileEncoding = 4; lastKnownFileType = sourcecode.c.h; path = VideoDetailViewController.h; sourceTree = "<group>"; };
		CD8386C51DF7FA3700C0D534 /* VideoDetailViewController.m */ = {isa = PBXFileReference; fileEncoding = 4; lastKnownFileType = sourcecode.c.objc; path = VideoDetailViewController.m; sourceTree = "<group>"; };
		CDA8949A1DEC39C00078D2FF /* two.app */ = {isa = PBXFileReference; explicitFileType = wrapper.application; includeInIndex = 0; path = two.app; sourceTree = BUILT_PRODUCTS_DIR; };
		CDA8949E1DEC39C00078D2FF /* main.m */ = {isa = PBXFileReference; lastKnownFileType = sourcecode.c.objc; path = main.m; sourceTree = "<group>"; };
		CDA894A01DEC39C00078D2FF /* AppDelegate.h */ = {isa = PBXFileReference; lastKnownFileType = sourcecode.c.h; path = AppDelegate.h; sourceTree = "<group>"; };
		CDA894A11DEC39C00078D2FF /* AppDelegate.m */ = {isa = PBXFileReference; lastKnownFileType = sourcecode.c.objc; path = AppDelegate.m; sourceTree = "<group>"; };
		CDA894A31DEC39C00078D2FF /* ViewController.h */ = {isa = PBXFileReference; lastKnownFileType = sourcecode.c.h; path = ViewController.h; sourceTree = "<group>"; };
		CDA894A41DEC39C00078D2FF /* ViewController.m */ = {isa = PBXFileReference; lastKnownFileType = sourcecode.c.objc; path = ViewController.m; sourceTree = "<group>"; };
		CDA894A71DEC39C00078D2FF /* Base */ = {isa = PBXFileReference; lastKnownFileType = file.storyboard; name = Base; path = Base.lproj/Main.storyboard; sourceTree = "<group>"; };
		CDA894A91DEC39C00078D2FF /* Assets.xcassets */ = {isa = PBXFileReference; lastKnownFileType = folder.assetcatalog; path = Assets.xcassets; sourceTree = "<group>"; };
		CDA894AC1DEC39C00078D2FF /* Base */ = {isa = PBXFileReference; lastKnownFileType = file.storyboard; name = Base; path = Base.lproj/LaunchScreen.storyboard; sourceTree = "<group>"; };
		CDA894AE1DEC39C00078D2FF /* Info.plist */ = {isa = PBXFileReference; lastKnownFileType = text.plist.xml; path = Info.plist; sourceTree = "<group>"; };
		CDA894B31DEC39C00078D2FF /* twoTests.xctest */ = {isa = PBXFileReference; explicitFileType = wrapper.cfbundle; includeInIndex = 0; path = twoTests.xctest; sourceTree = BUILT_PRODUCTS_DIR; };
		CDA894B71DEC39C00078D2FF /* twoTests.m */ = {isa = PBXFileReference; lastKnownFileType = sourcecode.c.objc; path = twoTests.m; sourceTree = "<group>"; };
		CDA894B91DEC39C00078D2FF /* Info.plist */ = {isa = PBXFileReference; lastKnownFileType = text.plist.xml; path = Info.plist; sourceTree = "<group>"; };
		CDA894BE1DEC39C00078D2FF /* twoUITests.xctest */ = {isa = PBXFileReference; explicitFileType = wrapper.cfbundle; includeInIndex = 0; path = twoUITests.xctest; sourceTree = BUILT_PRODUCTS_DIR; };
		CDA894C21DEC39C00078D2FF /* twoUITests.m */ = {isa = PBXFileReference; lastKnownFileType = sourcecode.c.objc; path = twoUITests.m; sourceTree = "<group>"; };
		CDA894C41DEC39C00078D2FF /* Info.plist */ = {isa = PBXFileReference; lastKnownFileType = text.plist.xml; path = Info.plist; sourceTree = "<group>"; };
		CDDA4E7E1DED11C400506B0A /* MainTabBar.h */ = {isa = PBXFileReference; fileEncoding = 4; lastKnownFileType = sourcecode.c.h; path = MainTabBar.h; sourceTree = "<group>"; };
		CDDA4E7F1DED11C400506B0A /* MainTabBar.m */ = {isa = PBXFileReference; fileEncoding = 4; lastKnownFileType = sourcecode.c.objc; path = MainTabBar.m; sourceTree = "<group>"; };
		CDDA4E811DED13CA00506B0A /* LessonVC.h */ = {isa = PBXFileReference; fileEncoding = 4; lastKnownFileType = sourcecode.c.h; path = LessonVC.h; sourceTree = "<group>"; };
		CDDA4E821DED13CA00506B0A /* LessonVC.m */ = {isa = PBXFileReference; fileEncoding = 4; lastKnownFileType = sourcecode.c.objc; path = LessonVC.m; sourceTree = "<group>"; };
		CDDA4E841DED13E700506B0A /* MineVC.h */ = {isa = PBXFileReference; fileEncoding = 4; lastKnownFileType = sourcecode.c.h; path = MineVC.h; sourceTree = "<group>"; };
		CDDA4E851DED13E700506B0A /* MineVC.m */ = {isa = PBXFileReference; fileEncoding = 4; lastKnownFileType = sourcecode.c.objc; path = MineVC.m; sourceTree = "<group>"; };
		CDDA4E871DED142700506B0A /* DownLoadVC.h */ = {isa = PBXFileReference; fileEncoding = 4; lastKnownFileType = sourcecode.c.h; path = DownLoadVC.h; sourceTree = "<group>"; };
		CDDA4E881DED142700506B0A /* DownLoadVC.m */ = {isa = PBXFileReference; fileEncoding = 4; lastKnownFileType = sourcecode.c.objc; path = DownLoadVC.m; sourceTree = "<group>"; };
		CDDA4E8A1DED149C00506B0A /* NavigationVC.h */ = {isa = PBXFileReference; fileEncoding = 4; lastKnownFileType = sourcecode.c.h; path = NavigationVC.h; sourceTree = "<group>"; };
		CDDA4E8B1DED149C00506B0A /* NavigationVC.m */ = {isa = PBXFileReference; fileEncoding = 4; lastKnownFileType = sourcecode.c.objc; path = NavigationVC.m; sourceTree = "<group>"; };
		CDDA4E8D1DED1B2700506B0A /* BaseViewController.h */ = {isa = PBXFileReference; fileEncoding = 4; lastKnownFileType = sourcecode.c.h; path = BaseViewController.h; sourceTree = "<group>"; };
		CDDA4E8E1DED1B2700506B0A /* BaseViewController.m */ = {isa = PBXFileReference; fileEncoding = 4; lastKnownFileType = sourcecode.c.objc; path = BaseViewController.m; sourceTree = "<group>"; };
		CDDA4E8F1DED1B2700506B0A /* SearchBaseController.h */ = {isa = PBXFileReference; fileEncoding = 4; lastKnownFileType = sourcecode.c.h; path = SearchBaseController.h; sourceTree = "<group>"; };
		CDDA4E901DED1B2700506B0A /* SearchBaseController.m */ = {isa = PBXFileReference; fileEncoding = 4; lastKnownFileType = sourcecode.c.objc; path = SearchBaseController.m; sourceTree = "<group>"; };
		CDDA4E931DED1B3900506B0A /* UIView+frame.m */ = {isa = PBXFileReference; fileEncoding = 4; lastKnownFileType = sourcecode.c.objc; path = "UIView+frame.m"; sourceTree = "<group>"; };
		CDDA4E941DED1B3900506B0A /* UIView+frame.h */ = {isa = PBXFileReference; fileEncoding = 4; lastKnownFileType = sourcecode.c.h; path = "UIView+frame.h"; sourceTree = "<group>"; };
		CDDA4E961DED1BAF00506B0A /* SearchVC.m */ = {isa = PBXFileReference; fileEncoding = 4; lastKnownFileType = sourcecode.c.objc; path = SearchVC.m; sourceTree = "<group>"; };
		CDDA4E971DED1BAF00506B0A /* SearchVC.h */ = {isa = PBXFileReference; fileEncoding = 4; lastKnownFileType = sourcecode.c.h; path = SearchVC.h; sourceTree = "<group>"; };
		CDDA4E991DED1C4F00506B0A /* Header.pch */ = {isa = PBXFileReference; lastKnownFileType = sourcecode.c.h; path = Header.pch; sourceTree = "<group>"; };
		CDDA4E9A1DED1C8400506B0A /* constans.h */ = {isa = PBXFileReference; lastKnownFileType = sourcecode.c.h; path = constans.h; sourceTree = "<group>"; };
		CDDA4EAA1DED509D00506B0A /* segementView.m */ = {isa = PBXFileReference; fileEncoding = 4; lastKnownFileType = sourcecode.c.objc; path = segementView.m; sourceTree = "<group>"; };
		CDDA4EAB1DED509D00506B0A /* segementView.h */ = {isa = PBXFileReference; fileEncoding = 4; lastKnownFileType = sourcecode.c.h; path = segementView.h; sourceTree = "<group>"; };
		CDDA4EBE1DED61E500506B0A /* DSCarouselView.h */ = {isa = PBXFileReference; fileEncoding = 4; lastKnownFileType = sourcecode.c.h; path = DSCarouselView.h; sourceTree = "<group>"; };
		CDDA4EBF1DED61E500506B0A /* DSCarouselView.m */ = {isa = PBXFileReference; fileEncoding = 4; lastKnownFileType = sourcecode.c.objc; path = DSCarouselView.m; sourceTree = "<group>"; };
		CDDA4EC01DED61E500506B0A /* DSCollectionViewCell.h */ = {isa = PBXFileReference; fileEncoding = 4; lastKnownFileType = sourcecode.c.h; path = DSCollectionViewCell.h; sourceTree = "<group>"; };
		CDDA4EC11DED61E500506B0A /* DSCollectionViewCell.m */ = {isa = PBXFileReference; fileEncoding = 4; lastKnownFileType = sourcecode.c.objc; path = DSCollectionViewCell.m; sourceTree = "<group>"; };
		CDDA4EC21DED61E500506B0A /* DSCollectionViewCell.xib */ = {isa = PBXFileReference; fileEncoding = 4; lastKnownFileType = file.xib; path = DSCollectionViewCell.xib; sourceTree = "<group>"; };
		CDF43DAF1DEE572000AD1CB9 /* channel_icon_abroad_pre.png */ = {isa = PBXFileReference; lastKnownFileType = image.png; path = channel_icon_abroad_pre.png; sourceTree = "<group>"; };
		CDF43DB01DEE572000AD1CB9 /* channel_icon_abroad_unpre.png */ = {isa = PBXFileReference; lastKnownFileType = image.png; path = channel_icon_abroad_unpre.png; sourceTree = "<group>"; };
		CDF43DB11DEE572000AD1CB9 /* channel_icon_certificate_pre.png */ = {isa = PBXFileReference; lastKnownFileType = image.png; path = channel_icon_certificate_pre.png; sourceTree = "<group>"; };
		CDF43DB21DEE572000AD1CB9 /* channel_icon_certificate_unpre.png */ = {isa = PBXFileReference; lastKnownFileType = image.png; path = channel_icon_certificate_unpre.png; sourceTree = "<group>"; };
		CDF43DB31DEE572000AD1CB9 /* channel_icon_college_pre.png */ = {isa = PBXFileReference; lastKnownFileType = image.png; path = channel_icon_college_pre.png; sourceTree = "<group>"; };
		CDF43DB41DEE572000AD1CB9 /* channel_icon_college_unpre.png */ = {isa = PBXFileReference; lastKnownFileType = image.png; path = channel_icon_college_unpre.png; sourceTree = "<group>"; };
		CDF43DB51DEE572000AD1CB9 /* channel_icon_design_pre.png */ = {isa = PBXFileReference; lastKnownFileType = image.png; path = channel_icon_design_pre.png; sourceTree = "<group>"; };
		CDF43DB61DEE572000AD1CB9 /* channel_icon_design_unpre.png */ = {isa = PBXFileReference; lastKnownFileType = image.png; path = channel_icon_design_unpre.png; sourceTree = "<group>"; };
		CDF43DB71DEE572000AD1CB9 /* channel_icon_entertainment_pre.png */ = {isa = PBXFileReference; lastKnownFileType = image.png; path = channel_icon_entertainment_pre.png; sourceTree = "<group>"; };
		CDF43DB81DEE572000AD1CB9 /* channel_icon_entertainment_unpre.png */ = {isa = PBXFileReference; lastKnownFileType = image.png; path = channel_icon_entertainment_unpre.png; sourceTree = "<group>"; };
		CDF43DB91DEE572000AD1CB9 /* channel_icon_foreign_pre.png */ = {isa = PBXFileReference; lastKnownFileType = image.png; path = channel_icon_foreign_pre.png; sourceTree = "<group>"; };
		CDF43DBA1DEE572000AD1CB9 /* channel_icon_foreign_unpre.png */ = {isa = PBXFileReference; lastKnownFileType = image.png; path = channel_icon_foreign_unpre.png; sourceTree = "<group>"; };
		CDF43DBB1DEE572000AD1CB9 /* channel_icon_invest_pre.png */ = {isa = PBXFileReference; lastKnownFileType = image.png; path = channel_icon_invest_pre.png; sourceTree = "<group>"; };
		CDF43DBC1DEE572000AD1CB9 /* channel_icon_invest_unpre.png */ = {isa = PBXFileReference; lastKnownFileType = image.png; path = channel_icon_invest_unpre.png; sourceTree = "<group>"; };
		CDF43DBD1DEE572000AD1CB9 /* channel_icon_live_pre.png */ = {isa = PBXFileReference; lastKnownFileType = image.png; path = channel_icon_live_pre.png; sourceTree = "<group>"; };
		CDF43DBE1DEE572000AD1CB9 /* channel_icon_live_unpre.png */ = {isa = PBXFileReference; lastKnownFileType = image.png; path = channel_icon_live_unpre.png; sourceTree = "<group>"; };
		CDF43DBF1DEE572000AD1CB9 /* channel_icon_program_pre.png */ = {isa = PBXFileReference; lastKnownFileType = image.png; path = channel_icon_program_pre.png; sourceTree = "<group>"; };
		CDF43DC01DEE572000AD1CB9 /* channel_icon_program_unpre.png */ = {isa = PBXFileReference; lastKnownFileType = image.png; path = channel_icon_program_unpre.png; sourceTree = "<group>"; };
		CDF43DC11DEE572000AD1CB9 /* channel_icon_school_pre.png */ = {isa = PBXFileReference; lastKnownFileType = image.png; path = channel_icon_school_pre.png; sourceTree = "<group>"; };
		CDF43DC21DEE572000AD1CB9 /* channel_icon_school_unpre.png */ = {isa = PBXFileReference; lastKnownFileType = image.png; path = channel_icon_school_unpre.png; sourceTree = "<group>"; };
		CDF43DC31DEE572000AD1CB9 /* channel_icon_servant_pre.png */ = {isa = PBXFileReference; lastKnownFileType = image.png; path = channel_icon_servant_pre.png; sourceTree = "<group>"; };
		CDF43DC41DEE572000AD1CB9 /* channel_icon_servant_unpre.png */ = {isa = PBXFileReference; lastKnownFileType = image.png; path = channel_icon_servant_unpre.png; sourceTree = "<group>"; };
		CDF43DC51DEE572000AD1CB9 /* channel_icon_work_pre.png */ = {isa = PBXFileReference; lastKnownFileType = image.png; path = channel_icon_work_pre.png; sourceTree = "<group>"; };
		CDF43DC61DEE572000AD1CB9 /* channel_icon_work_unpre.png */ = {isa = PBXFileReference; lastKnownFileType = image.png; path = channel_icon_work_unpre.png; sourceTree = "<group>"; };
		CDF43DC71DEE572000AD1CB9 /* course_class_study_status_end.png */ = {isa = PBXFileReference; lastKnownFileType = image.png; path = course_class_study_status_end.png; sourceTree = "<group>"; };
		CDF43DC81DEE572000AD1CB9 /* course_class_study_status_ing.png */ = {isa = PBXFileReference; lastKnownFileType = image.png; path = course_class_study_status_ing.png; sourceTree = "<group>"; };
		CDF43DC91DEE572000AD1CB9 /* course_class_study_status_not.png */ = {isa = PBXFileReference; lastKnownFileType = image.png; path = course_class_study_status_not.png; sourceTree = "<group>"; };
		CDF43DCA1DEE572000AD1CB9 /* course_info_bg_collect@2x.png */ = {isa = PBXFileReference; lastKnownFileType = image.png; path = "course_info_bg_collect@2x.png"; sourceTree = "<group>"; };
		CDF43DCB1DEE572000AD1CB9 /* course_info_bg_collected@2x.png */ = {isa = PBXFileReference; lastKnownFileType = image.png; path = "course_info_bg_collected@2x.png"; sourceTree = "<group>"; };
		CDF43DCC1DEE572000AD1CB9 /* course_school_classify_icon.png */ = {isa = PBXFileReference; lastKnownFileType = image.png; path = course_school_classify_icon.png; sourceTree = "<group>"; };
		CDF43DCD1DEE572000AD1CB9 /* course_school_icon.png */ = {isa = PBXFileReference; lastKnownFileType = image.png; path = course_school_icon.png; sourceTree = "<group>"; };
		CDF43DCE1DEE572000AD1CB9 /* course_studs_nums.png */ = {isa = PBXFileReference; lastKnownFileType = image.png; path = course_studs_nums.png; sourceTree = "<group>"; };
		CDF43DD01DEE572000AD1CB9 /* bg_icon_to_launcher_pre.png */ = {isa = PBXFileReference; lastKnownFileType = image.png; path = bg_icon_to_launcher_pre.png; sourceTree = "<group>"; };
		CDF43DD11DEE572000AD1CB9 /* bg_icon_to_launcher_unpre.png */ = {isa = PBXFileReference; lastKnownFileType = image.png; path = bg_icon_to_launcher_unpre.png; sourceTree = "<group>"; };
		CDF43DD21DEE572000AD1CB9 /* bg_school_share_pre.png */ = {isa = PBXFileReference; lastKnownFileType = image.png; path = bg_school_share_pre.png; sourceTree = "<group>"; };
		CDF43DD31DEE572000AD1CB9 /* bg_school_share_unpre.png */ = {isa = PBXFileReference; lastKnownFileType = image.png; path = bg_school_share_unpre.png; sourceTree = "<group>"; };
		CDF43DD41DEE572000AD1CB9 /* course_catalog_icon.png */ = {isa = PBXFileReference; lastKnownFileType = image.png; path = course_catalog_icon.png; sourceTree = "<group>"; };
		CDF43DD51DEE572000AD1CB9 /* course_class_nums_icon.png */ = {isa = PBXFileReference; lastKnownFileType = image.png; path = course_class_nums_icon.png; sourceTree = "<group>"; };
		CDF43DD61DEE572000AD1CB9 /* course_info_icon.png */ = {isa = PBXFileReference; lastKnownFileType = image.png; path = course_info_icon.png; sourceTree = "<group>"; };
		CDF43DD71DEE572000AD1CB9 /* course_info_title_vote@2x.png */ = {isa = PBXFileReference; lastKnownFileType = image.png; path = "course_info_title_vote@2x.png"; sourceTree = "<group>"; };
		CDF43DD81DEE572000AD1CB9 /* course_live_icon.png */ = {isa = PBXFileReference; lastKnownFileType = image.png; path = course_live_icon.png; sourceTree = "<group>"; };
		CDF43DD91DEE572000AD1CB9 /* course_studs_nums_green.png */ = {isa = PBXFileReference; lastKnownFileType = image.png; path = course_studs_nums_green.png; sourceTree = "<group>"; };
		CDF43DDA1DEE572000AD1CB9 /* desktop@2x.png */ = {isa = PBXFileReference; lastKnownFileType = image.png; path = "desktop@2x.png"; sourceTree = "<group>"; };
		CDF43DDB1DEE572000AD1CB9 /* desktop_press@2x.png */ = {isa = PBXFileReference; lastKnownFileType = image.png; path = "desktop_press@2x.png"; sourceTree = "<group>"; };
		CDF43DDC1DEE572000AD1CB9 /* school_pic1@2x.jpg */ = {isa = PBXFileReference; lastKnownFileType = image.jpeg; path = "school_pic1@2x.jpg"; sourceTree = "<group>"; };
		CDF43DDD1DEE572000AD1CB9 /* school_pic2@2x.jpg */ = {isa = PBXFileReference; lastKnownFileType = image.jpeg; path = "school_pic2@2x.jpg"; sourceTree = "<group>"; };
		CDF43DDE1DEE572000AD1CB9 /* school_pic3@2x.jpg */ = {isa = PBXFileReference; lastKnownFileType = image.jpeg; path = "school_pic3@2x.jpg"; sourceTree = "<group>"; };
		CDF43DDF1DEE572000AD1CB9 /* school_pic4@2x.jpg */ = {isa = PBXFileReference; lastKnownFileType = image.jpeg; path = "school_pic4@2x.jpg"; sourceTree = "<group>"; };
		CDF43DE01DEE572000AD1CB9 /* school_pic5@2x.jpg */ = {isa = PBXFileReference; lastKnownFileType = image.jpeg; path = "school_pic5@2x.jpg"; sourceTree = "<group>"; };
		CDF43DE11DEE572000AD1CB9 /* school_pic6@2x.jpg */ = {isa = PBXFileReference; lastKnownFileType = image.jpeg; path = "school_pic6@2x.jpg"; sourceTree = "<group>"; };
		CDF43DE21DEE572000AD1CB9 /* school_pic7@2x.jpg */ = {isa = PBXFileReference; lastKnownFileType = image.jpeg; path = "school_pic7@2x.jpg"; sourceTree = "<group>"; };
		CDF43DE31DEE572000AD1CB9 /* school_pic8@2x.jpg */ = {isa = PBXFileReference; lastKnownFileType = image.jpeg; path = "school_pic8@2x.jpg"; sourceTree = "<group>"; };
		CDF43DE41DEE572000AD1CB9 /* school_pic9@2x.jpg */ = {isa = PBXFileReference; lastKnownFileType = image.jpeg; path = "school_pic9@2x.jpg"; sourceTree = "<group>"; };
		CDF43DE51DEE572000AD1CB9 /* share@2x.png */ = {isa = PBXFileReference; lastKnownFileType = image.png; path = "share@2x.png"; sourceTree = "<group>"; };
		CDF43DE61DEE572000AD1CB9 /* share_press@2x.png */ = {isa = PBXFileReference; lastKnownFileType = image.png; path = "share_press@2x.png"; sourceTree = "<group>"; };
		CDF43DE71DEE572000AD1CB9 /* file_tital_back_but@2x.png */ = {isa = PBXFileReference; lastKnownFileType = image.png; path = "file_tital_back_but@2x.png"; sourceTree = "<group>"; };
		CDF43DE81DEE572000AD1CB9 /* search_btn_unpre_bg.png */ = {isa = PBXFileReference; lastKnownFileType = image.png; path = search_btn_unpre_bg.png; sourceTree = "<group>"; };
		CDF43DE91DEE572000AD1CB9 /* test_status_end.png */ = {isa = PBXFileReference; lastKnownFileType = image.png; path = test_status_end.png; sourceTree = "<group>"; };
		CDF43DEA1DEE572000AD1CB9 /* test_status_ing.png */ = {isa = PBXFileReference; lastKnownFileType = image.png; path = test_status_ing.png; sourceTree = "<group>"; };
		CDF43DEB1DEE572000AD1CB9 /* test_status_not.png */ = {isa = PBXFileReference; lastKnownFileType = image.png; path = test_status_not.png; sourceTree = "<group>"; };
		CDF43DEC1DEE572000AD1CB9 /* voice@2x.png */ = {isa = PBXFileReference; lastKnownFileType = image.png; path = "voice@2x.png"; sourceTree = "<group>"; };
		CDF43DED1DEE572000AD1CB9 /* defualt_course_icon.jpg */ = {isa = PBXFileReference; lastKnownFileType = image.jpeg; path = defualt_course_icon.jpg; sourceTree = "<group>"; };
		CDF43DEF1DEE572000AD1CB9 /* LaunchImageIPhone-568h@2x.png */ = {isa = PBXFileReference; lastKnownFileType = image.png; path = "LaunchImageIPhone-568h@2x.png"; sourceTree = "<group>"; };
		CDF43DF01DEE572000AD1CB9 /* LaunchImageIPhone-700@2x.png */ = {isa = PBXFileReference; lastKnownFileType = image.png; path = "LaunchImageIPhone-700@2x.png"; sourceTree = "<group>"; };
		CDF43DF11DEE572000AD1CB9 /* LaunchImageIPhone-800-667h@2x.png */ = {isa = PBXFileReference; lastKnownFileType = image.png; path = "LaunchImageIPhone-800-667h@2x.png"; sourceTree = "<group>"; };
		CDF43DF21DEE572000AD1CB9 /* LaunchImageIPhone-800-Portrait-736h@3x.png */ = {isa = PBXFileReference; lastKnownFileType = image.png; path = "LaunchImageIPhone-800-Portrait-736h@3x.png"; sourceTree = "<group>"; };
		CDF43DF31DEE572000AD1CB9 /* lesson_default@2x.png */ = {isa = PBXFileReference; lastKnownFileType = image.png; path = "lesson_default@2x.png"; sourceTree = "<group>"; };
		CDF43DF51DEE572000AD1CB9 /* icon_listheader_animation_1@2x.png */ = {isa = PBXFileReference; lastKnownFileType = image.png; path = "icon_listheader_animation_1@2x.png"; sourceTree = "<group>"; };
		CDF43DF61DEE572000AD1CB9 /* icon_listheader_animation_2@2x.png */ = {isa = PBXFileReference; lastKnownFileType = image.png; path = "icon_listheader_animation_2@2x.png"; sourceTree = "<group>"; };
		CDF43DF81DEE572000AD1CB9 /* bottom_tab1_pre@2x.png */ = {isa = PBXFileReference; lastKnownFileType = image.png; path = "bottom_tab1_pre@2x.png"; sourceTree = "<group>"; };
		CDF43DF91DEE572000AD1CB9 /* bottom_tab1_unpre@2x.png */ = {isa = PBXFileReference; lastKnownFileType = image.png; path = "bottom_tab1_unpre@2x.png"; sourceTree = "<group>"; };
		CDF43DFA1DEE572000AD1CB9 /* bottom_tab2_pre@2x.png */ = {isa = PBXFileReference; lastKnownFileType = image.png; path = "bottom_tab2_pre@2x.png"; sourceTree = "<group>"; };
		CDF43DFB1DEE572000AD1CB9 /* bottom_tab2_unpre@2x.png */ = {isa = PBXFileReference; lastKnownFileType = image.png; path = "bottom_tab2_unpre@2x.png"; sourceTree = "<group>"; };
		CDF43DFC1DEE572000AD1CB9 /* bottom_tab3_pre@2x.png */ = {isa = PBXFileReference; lastKnownFileType = image.png; path = "bottom_tab3_pre@2x.png"; sourceTree = "<group>"; };
		CDF43DFD1DEE572000AD1CB9 /* bottom_tab3_unpre@2x.png */ = {isa = PBXFileReference; lastKnownFileType = image.png; path = "bottom_tab3_unpre@2x.png"; sourceTree = "<group>"; };
		CDF43E4C1DEE834C00AD1CB9 /* ClassficViewController.h */ = {isa = PBXFileReference; fileEncoding = 4; lastKnownFileType = sourcecode.c.h; path = ClassficViewController.h; sourceTree = "<group>"; };
		CDF43E4D1DEE835300AD1CB9 /* ClassficViewController.m */ = {isa = PBXFileReference; fileEncoding = 4; lastKnownFileType = sourcecode.c.objc; path = ClassficViewController.m; sourceTree = "<group>"; };
		CDF43E4F1DEE9DFF00AD1CB9 /* classifyCell.m */ = {isa = PBXFileReference; fileEncoding = 4; lastKnownFileType = sourcecode.c.objc; path = classifyCell.m; sourceTree = "<group>"; };
		CDF43E501DEE9DFF00AD1CB9 /* classifyCell.h */ = {isa = PBXFileReference; fileEncoding = 4; lastKnownFileType = sourcecode.c.h; path = classifyCell.h; sourceTree = "<group>"; };
		CDF43E521DEEA91700AD1CB9 /* classCategory.plist */ = {isa = PBXFileReference; fileEncoding = 4; lastKnownFileType = text.plist.xml; path = classCategory.plist; sourceTree = "<group>"; };
		CDF43E541DEEAA1100AD1CB9 /* InfoConfig.plist */ = {isa = PBXFileReference; lastKnownFileType = file.bplist; path = InfoConfig.plist; sourceTree = "<group>"; };
		CDF43E561DEEAB7700AD1CB9 /* iCategoryList.plist */ = {isa = PBXFileReference; lastKnownFileType = file.bplist; path = iCategoryList.plist; sourceTree = "<group>"; };
		CDF43E581DEEB2B700AD1CB9 /* classficModel.h */ = {isa = PBXFileReference; fileEncoding = 4; lastKnownFileType = sourcecode.c.h; path = classficModel.h; sourceTree = "<group>"; };
		CDF43E591DEEB2B700AD1CB9 /* classficModel.m */ = {isa = PBXFileReference; fileEncoding = 4; lastKnownFileType = sourcecode.c.objc; path = classficModel.m; sourceTree = "<group>"; };
		CDF43E5B1DEEC44000AD1CB9 /* ListViewController.h */ = {isa = PBXFileReference; fileEncoding = 4; lastKnownFileType = sourcecode.c.h; path = ListViewController.h; sourceTree = "<group>"; };
		CDF43E5C1DEEC44000AD1CB9 /* ListViewController.m */ = {isa = PBXFileReference; fileEncoding = 4; lastKnownFileType = sourcecode.c.objc; path = ListViewController.m; sourceTree = "<group>"; };
		CDF69B2E1DF1290D00AC5386 /* listViewCell.h */ = {isa = PBXFileReference; fileEncoding = 4; lastKnownFileType = sourcecode.c.h; path = listViewCell.h; sourceTree = "<group>"; };
		CDF69B2F1DF1290D00AC5386 /* listViewCell.m */ = {isa = PBXFileReference; fileEncoding = 4; lastKnownFileType = sourcecode.c.objc; path = listViewCell.m; sourceTree = "<group>"; };
/* End PBXFileReference section */

/* Begin PBXFrameworksBuildPhase section */
		CDA894971DEC39C00078D2FF /* Frameworks */ = {
			isa = PBXFrameworksBuildPhase;
			buildActionMask = 2147483647;
			files = (
				00D1D8EB76679343ADFF4D08 /* libPods-two.a in Frameworks */,
			);
			runOnlyForDeploymentPostprocessing = 0;
		};
		CDA894B01DEC39C00078D2FF /* Frameworks */ = {
			isa = PBXFrameworksBuildPhase;
			buildActionMask = 2147483647;
			files = (
			);
			runOnlyForDeploymentPostprocessing = 0;
		};
		CDA894BB1DEC39C00078D2FF /* Frameworks */ = {
			isa = PBXFrameworksBuildPhase;
			buildActionMask = 2147483647;
			files = (
			);
			runOnlyForDeploymentPostprocessing = 0;
		};
/* End PBXFrameworksBuildPhase section */

/* Begin PBXGroup section */
		44F84F023EDF3BD91C4B5345 /* Frameworks */ = {
			isa = PBXGroup;
			children = (
				B24A93E7C1A2609965E890D1 /* libPods-two.a */,
			);
			name = Frameworks;
			sourceTree = "<group>";
		};
		CD0052541DF950E800E76BF5 /* first floor */ = {
			isa = PBXGroup;
			children = (
				CDDA4E811DED13CA00506B0A /* LessonVC.h */,
				CDDA4E821DED13CA00506B0A /* LessonVC.m */,
				CDF43E4C1DEE834C00AD1CB9 /* ClassficViewController.h */,
				CDF43E4D1DEE835300AD1CB9 /* ClassficViewController.m */,
				CD1430DD1DF0084100B9B74E /* MainVC.h */,
				CD1430DC1DF0084100B9B74E /* MainVC.m */,
			);
			name = "first floor";
			sourceTree = "<group>";
		};
		CD0052551DF9512600E76BF5 /* second floor */ = {
			isa = PBXGroup;
			children = (
				CDF43E5B1DEEC44000AD1CB9 /* ListViewController.h */,
				CDF43E5C1DEEC44000AD1CB9 /* ListViewController.m */,
				CD2B9A7E1DF4F612001EAB3F /* FirstDetailViewController.h */,
				CD2B9A7F1DF4F612001EAB3F /* FirstDetailViewController.m */,
			);
			name = "second floor";
			sourceTree = "<group>";
		};
		CD0052561DF9518900E76BF5 /* three floor */ = {
			isa = PBXGroup;
			children = (
				CD0052391DF8FFAE00E76BF5 /* SchoolViewController.h */,
				CD00523A1DF8FFAE00E76BF5 /* SchoolViewController.m */,
				CD00524E1DF94B6700E76BF5 /* DetailViewController.h */,
				CD00524F1DF94B6700E76BF5 /* DetailViewController.m */,
				CD0052511DF94B7700E76BF5 /* CommentViewController.h */,
				CD0052521DF94B7700E76BF5 /* CommentViewController.m */,
			);
			name = "three floor";
			sourceTree = "<group>";
		};
		CD0052571DF951D300E76BF5 /* four floor */ = {
			isa = PBXGroup;
			children = (
				CD8386C41DF7FA3700C0D534 /* VideoDetailViewController.h */,
				CD8386C51DF7FA3700C0D534 /* VideoDetailViewController.m */,
				CD00524B1DF9402300E76BF5 /* MoreViewController.h */,
				CD00524C1DF9402300E76BF5 /* MoreViewController.m */,
			);
			name = "four floor";
			sourceTree = "<group>";
		};
		CD0052581DF9523700E76BF5 /* first floor view */ = {
			isa = PBXGroup;
			children = (
				CD1430DA1DF007BB00B9B74E /* twoCell.h */,
				CD1430D91DF007BB00B9B74E /* twoCell.m */,
				CD1430CB1DEFA90000B9B74E /* oneCell.h */,
				CD1430CA1DEFA90000B9B74E /* oneCell.m */,
				CDF43E501DEE9DFF00AD1CB9 /* classifyCell.h */,
				CDF43E4F1DEE9DFF00AD1CB9 /* classifyCell.m */,
			);
			name = "first floor view";
			sourceTree = "<group>";
		};
		CD0052591DF9524700E76BF5 /* second floor view */ = {
			isa = PBXGroup;
			children = (
				CD2B9A811DF572B6001EAB3F /* firstDetailCell.h */,
				CD2B9A821DF572B6001EAB3F /* firstDetailCell.m */,
				CD0C0BAF1DF7AD150044F7AC /* headerView.h */,
				CD0C0BB01DF7AD150044F7AC /* headerView.m */,
				CD8386BF1DF7BF7B00C0D534 /* headerCell.h */,
				CD8386C01DF7BF7B00C0D534 /* headerCell.m */,
				CDF69B2E1DF1290D00AC5386 /* listViewCell.h */,
				CDF69B2F1DF1290D00AC5386 /* listViewCell.m */,
			);
			name = "second floor view";
			sourceTree = "<group>";
		};
		CD00525A1DF9526100E76BF5 /* three floor */ = {
			isa = PBXGroup;
			children = (
				CD00523C1DF907A400E76BF5 /* courceOneCell.h */,
				CD00523D1DF907A400E76BF5 /* courceOneCell.m */,
				CD00523F1DF907B500E76BF5 /* courceThreeCell.h */,
				CD0052401DF907B500E76BF5 /* courceThreeCell.m */,
				CD0052421DF907C600E76BF5 /* courceFourCell.h */,
				CD0052431DF907C600E76BF5 /* courceFourCell.m */,
				CD0D3ED91DFA43880049F30E /* commentCell.h */,
				CD0D3EDA1DFA43880049F30E /* commentCell.m */,
			);
			name = "three floor";
			sourceTree = "<group>";
		};
		CD1430D31DEFCD2900B9B74E /* Network */ = {
			isa = PBXGroup;
			children = (
				CD1430D41DEFCD2900B9B74E /* NetworkSingleton.h */,
				CD1430D51DEFCD2900B9B74E /* NetworkSingleton.m */,
			);
			name = Network;
			path = DSCarouselView/Network;
			sourceTree = "<group>";
		};
		CD1430D71DEFCD3400B9B74E /* UIView+frame */ = {
			isa = PBXGroup;
			children = (
				CDDA4E941DED1B3900506B0A /* UIView+frame.h */,
				CDDA4E931DED1B3900506B0A /* UIView+frame.m */,
			);
			name = "UIView+frame";
			sourceTree = "<group>";
		};
		CDA894911DEC39C00078D2FF = {
			isa = PBXGroup;
			children = (
				CDA8949C1DEC39C00078D2FF /* two */,
				CDA8949D1DEC39C00078D2FF /* Supporting Files */,
				CDDA4E781DED0E5F00506B0A /* unless */,
				CDA894B61DEC39C00078D2FF /* twoTests */,
				CDA894C11DEC39C00078D2FF /* twoUITests */,
				CDA8949B1DEC39C00078D2FF /* Products */,
				E8FD8D3333A074559E911922 /* Pods */,
				44F84F023EDF3BD91C4B5345 /* Frameworks */,
			);
			sourceTree = "<group>";
		};
		CDA8949B1DEC39C00078D2FF /* Products */ = {
			isa = PBXGroup;
			children = (
				CDA8949A1DEC39C00078D2FF /* two.app */,
				CDA894B31DEC39C00078D2FF /* twoTests.xctest */,
				CDA894BE1DEC39C00078D2FF /* twoUITests.xctest */,
			);
			name = Products;
			sourceTree = "<group>";
		};
		CDA8949C1DEC39C00078D2FF /* two */ = {
			isa = PBXGroup;
			children = (
				CDDA4E7D1DED0F7300506B0A /* TarBar */,
				CDDA4E7C1DED0F5400506B0A /* Tool */,
				CDDA4E791DED0EA400506B0A /* Main */,
				CDDA4E7B1DED0F4300506B0A /* Other */,
				CDDA4E7A1DED0F0700506B0A /* Entrance */,
			);
			path = two;
			sourceTree = "<group>";
		};
		CDA8949D1DEC39C00078D2FF /* Supporting Files */ = {
			isa = PBXGroup;
			children = (
				CDA8949E1DEC39C00078D2FF /* main.m */,
			);
			name = "Supporting Files";
			path = two;
			sourceTree = "<group>";
		};
		CDA894B61DEC39C00078D2FF /* twoTests */ = {
			isa = PBXGroup;
			children = (
				CDA894B71DEC39C00078D2FF /* twoTests.m */,
				CDA894B91DEC39C00078D2FF /* Info.plist */,
			);
			path = twoTests;
			sourceTree = "<group>";
		};
		CDA894C11DEC39C00078D2FF /* twoUITests */ = {
			isa = PBXGroup;
			children = (
				CDA894C21DEC39C00078D2FF /* twoUITests.m */,
				CDA894C41DEC39C00078D2FF /* Info.plist */,
			);
			path = twoUITests;
			sourceTree = "<group>";
		};
		CDDA4E781DED0E5F00506B0A /* unless */ = {
			isa = PBXGroup;
			children = (
				CDA894A31DEC39C00078D2FF /* ViewController.h */,
				CDA894A41DEC39C00078D2FF /* ViewController.m */,
				CDA894A61DEC39C00078D2FF /* Main.storyboard */,
				CDA894AB1DEC39C00078D2FF /* LaunchScreen.storyboard */,
			);
			name = unless;
			path = two;
			sourceTree = "<group>";
		};
		CDDA4E791DED0EA400506B0A /* Main */ = {
			isa = PBXGroup;
			children = (
				CDDA4E7E1DED11C400506B0A /* MainTabBar.h */,
				CDDA4E7F1DED11C400506B0A /* MainTabBar.m */,
				CDDA4E8A1DED149C00506B0A /* NavigationVC.h */,
				CDDA4E8B1DED149C00506B0A /* NavigationVC.m */,
				CDDA4E8D1DED1B2700506B0A /* BaseViewController.h */,
				CDDA4E8E1DED1B2700506B0A /* BaseViewController.m */,
				CDDA4E8F1DED1B2700506B0A /* SearchBaseController.h */,
				CDDA4E901DED1B2700506B0A /* SearchBaseController.m */,
				CDDA4E971DED1BAF00506B0A /* SearchVC.h */,
				CDDA4E961DED1BAF00506B0A /* SearchVC.m */,
				CDDA4EAB1DED509D00506B0A /* segementView.h */,
				CDDA4EAA1DED509D00506B0A /* segementView.m */,
			);
			name = Main;
			sourceTree = "<group>";
		};
		CDDA4E7A1DED0F0700506B0A /* Entrance */ = {
			isa = PBXGroup;
			children = (
				CDA894A01DEC39C00078D2FF /* AppDelegate.h */,
				CDA894A11DEC39C00078D2FF /* AppDelegate.m */,
				CDF43DAD1DEE572000AD1CB9 /* Resource */,
				CDA894A91DEC39C00078D2FF /* Assets.xcassets */,
				CDA894AE1DEC39C00078D2FF /* Info.plist */,
				CDF43E521DEEA91700AD1CB9 /* classCategory.plist */,
				CDF43E541DEEAA1100AD1CB9 /* InfoConfig.plist */,
				CDF43E561DEEAB7700AD1CB9 /* iCategoryList.plist */,
			);
			name = Entrance;
			sourceTree = "<group>";
		};
		CDDA4E7B1DED0F4300506B0A /* Other */ = {
			isa = PBXGroup;
			children = (
				CDDA4E991DED1C4F00506B0A /* Header.pch */,
				CDDA4E9A1DED1C8400506B0A /* constans.h */,
				CD1430D81DEFCF4100B9B74E /* HeaderUrl.h */,
			);
			name = Other;
			sourceTree = "<group>";
		};
		CDDA4E7C1DED0F5400506B0A /* Tool */ = {
			isa = PBXGroup;
			children = (
				CD1430D71DEFCD3400B9B74E /* UIView+frame */,
				CD1430D31DEFCD2900B9B74E /* Network */,
				CDDA4EBD1DED61E500506B0A /* DSCarouselView */,
			);
			name = Tool;
			sourceTree = "<group>";
		};
		CDDA4E7D1DED0F7300506B0A /* TarBar */ = {
			isa = PBXGroup;
			children = (
				CDDA4E9B1DED203800506B0A /* LessonVC */,
				CDDA4E9C1DED204300506B0A /* MineVC */,
				CDDA4E9D1DED204F00506B0A /* DownLoadVC */,
			);
			name = TarBar;
			sourceTree = "<group>";
		};
		CDDA4E9B1DED203800506B0A /* LessonVC */ = {
			isa = PBXGroup;
			children = (
				CDDA4EA01DED20A200506B0A /* Model */,
				CDDA4E9F1DED209600506B0A /* View */,
				CDDA4E9E1DED208900506B0A /* Controller */,
			);
			name = LessonVC;
			sourceTree = "<group>";
		};
		CDDA4E9C1DED204300506B0A /* MineVC */ = {
			isa = PBXGroup;
			children = (
				CDDA4EA31DED20DD00506B0A /* Model */,
				CDDA4EA21DED20D700506B0A /* View */,
				CDDA4EA11DED20CF00506B0A /* Controller */,
			);
			name = MineVC;
			sourceTree = "<group>";
		};
		CDDA4E9D1DED204F00506B0A /* DownLoadVC */ = {
			isa = PBXGroup;
			children = (
				CDDA4EA61DED210A00506B0A /* Model */,
				CDDA4EA51DED20FB00506B0A /* View */,
				CDDA4EA41DED20F000506B0A /* Controller */,
			);
			name = DownLoadVC;
			sourceTree = "<group>";
		};
		CDDA4E9E1DED208900506B0A /* Controller */ = {
			isa = PBXGroup;
			children = (
				CD0052541DF950E800E76BF5 /* first floor */,
				CD0052551DF9512600E76BF5 /* second floor */,
				CD0052561DF9518900E76BF5 /* three floor */,
				CD0052571DF951D300E76BF5 /* four floor */,
			);
			name = Controller;
			sourceTree = "<group>";
		};
		CDDA4E9F1DED209600506B0A /* View */ = {
			isa = PBXGroup;
			children = (
				CD0052581DF9523700E76BF5 /* first floor view */,
				CD0052591DF9524700E76BF5 /* second floor view */,
				CD00525A1DF9526100E76BF5 /* three floor */,
			);
			name = View;
			sourceTree = "<group>";
		};
		CDDA4EA01DED20A200506B0A /* Model */ = {
			isa = PBXGroup;
			children = (
				CDF43E581DEEB2B700AD1CB9 /* classficModel.h */,
				CDF43E591DEEB2B700AD1CB9 /* classficModel.m */,
			);
			name = Model;
			sourceTree = "<group>";
		};
		CDDA4EA11DED20CF00506B0A /* Controller */ = {
			isa = PBXGroup;
			children = (
				CDDA4E841DED13E700506B0A /* MineVC.h */,
				CDDA4E851DED13E700506B0A /* MineVC.m */,
			);
			name = Controller;
			sourceTree = "<group>";
		};
		CDDA4EA21DED20D700506B0A /* View */ = {
			isa = PBXGroup;
			children = (
			);
			name = View;
			sourceTree = "<group>";
		};
		CDDA4EA31DED20DD00506B0A /* Model */ = {
			isa = PBXGroup;
			children = (
			);
			name = Model;
			sourceTree = "<group>";
		};
		CDDA4EA41DED20F000506B0A /* Controller */ = {
			isa = PBXGroup;
			children = (
				CDDA4E871DED142700506B0A /* DownLoadVC.h */,
				CDDA4E881DED142700506B0A /* DownLoadVC.m */,
			);
			name = Controller;
			sourceTree = "<group>";
		};
		CDDA4EA51DED20FB00506B0A /* View */ = {
			isa = PBXGroup;
			children = (
			);
			name = View;
			sourceTree = "<group>";
		};
		CDDA4EA61DED210A00506B0A /* Model */ = {
			isa = PBXGroup;
			children = (
			);
			name = Model;
			sourceTree = "<group>";
		};
		CDDA4EBD1DED61E500506B0A /* DSCarouselView */ = {
			isa = PBXGroup;
			children = (
				CDDA4EBE1DED61E500506B0A /* DSCarouselView.h */,
				CDDA4EBF1DED61E500506B0A /* DSCarouselView.m */,
				CDDA4EC01DED61E500506B0A /* DSCollectionViewCell.h */,
				CDDA4EC11DED61E500506B0A /* DSCollectionViewCell.m */,
				CDDA4EC21DED61E500506B0A /* DSCollectionViewCell.xib */,
			);
			path = DSCarouselView;
			sourceTree = "<group>";
		};
		CDF43DAD1DEE572000AD1CB9 /* Resource */ = {
			isa = PBXGroup;
			children = (
				CDF43DAE1DEE572000AD1CB9 /* Course */,
				CDF43DED1DEE572000AD1CB9 /* defualt_course_icon.jpg */,
				CDF43DEE1DEE572000AD1CB9 /* launch */,
				CDF43DF31DEE572000AD1CB9 /* lesson_default@2x.png */,
				CDF43DF41DEE572000AD1CB9 /* Refresh */,
				CDF43DF71DEE572000AD1CB9 /* tabbar */,
			);
			path = Resource;
			sourceTree = "<group>";
		};
		CDF43DAE1DEE572000AD1CB9 /* Course */ = {
			isa = PBXGroup;
			children = (
				CDF43DAF1DEE572000AD1CB9 /* channel_icon_abroad_pre.png */,
				CDF43DB01DEE572000AD1CB9 /* channel_icon_abroad_unpre.png */,
				CDF43DB11DEE572000AD1CB9 /* channel_icon_certificate_pre.png */,
				CDF43DB21DEE572000AD1CB9 /* channel_icon_certificate_unpre.png */,
				CDF43DB31DEE572000AD1CB9 /* channel_icon_college_pre.png */,
				CDF43DB41DEE572000AD1CB9 /* channel_icon_college_unpre.png */,
				CDF43DB51DEE572000AD1CB9 /* channel_icon_design_pre.png */,
				CDF43DB61DEE572000AD1CB9 /* channel_icon_design_unpre.png */,
				CDF43DB71DEE572000AD1CB9 /* channel_icon_entertainment_pre.png */,
				CDF43DB81DEE572000AD1CB9 /* channel_icon_entertainment_unpre.png */,
				CDF43DB91DEE572000AD1CB9 /* channel_icon_foreign_pre.png */,
				CDF43DBA1DEE572000AD1CB9 /* channel_icon_foreign_unpre.png */,
				CDF43DBB1DEE572000AD1CB9 /* channel_icon_invest_pre.png */,
				CDF43DBC1DEE572000AD1CB9 /* channel_icon_invest_unpre.png */,
				CDF43DBD1DEE572000AD1CB9 /* channel_icon_live_pre.png */,
				CDF43DBE1DEE572000AD1CB9 /* channel_icon_live_unpre.png */,
				CDF43DBF1DEE572000AD1CB9 /* channel_icon_program_pre.png */,
				CDF43DC01DEE572000AD1CB9 /* channel_icon_program_unpre.png */,
				CDF43DC11DEE572000AD1CB9 /* channel_icon_school_pre.png */,
				CDF43DC21DEE572000AD1CB9 /* channel_icon_school_unpre.png */,
				CDF43DC31DEE572000AD1CB9 /* channel_icon_servant_pre.png */,
				CDF43DC41DEE572000AD1CB9 /* channel_icon_servant_unpre.png */,
				CDF43DC51DEE572000AD1CB9 /* channel_icon_work_pre.png */,
				CDF43DC61DEE572000AD1CB9 /* channel_icon_work_unpre.png */,
				CDF43DC71DEE572000AD1CB9 /* course_class_study_status_end.png */,
				CDF43DC81DEE572000AD1CB9 /* course_class_study_status_ing.png */,
				CDF43DC91DEE572000AD1CB9 /* course_class_study_status_not.png */,
				CDF43DCA1DEE572000AD1CB9 /* course_info_bg_collect@2x.png */,
				CDF43DCB1DEE572000AD1CB9 /* course_info_bg_collected@2x.png */,
				CDF43DCC1DEE572000AD1CB9 /* course_school_classify_icon.png */,
				CDF43DCD1DEE572000AD1CB9 /* course_school_icon.png */,
				CDF43DCE1DEE572000AD1CB9 /* course_studs_nums.png */,
				CDF43DCF1DEE572000AD1CB9 /* courseDetail */,
				CDF43DE71DEE572000AD1CB9 /* file_tital_back_but@2x.png */,
				CDF43DE81DEE572000AD1CB9 /* search_btn_unpre_bg.png */,
				CDF43DE91DEE572000AD1CB9 /* test_status_end.png */,
				CDF43DEA1DEE572000AD1CB9 /* test_status_ing.png */,
				CDF43DEB1DEE572000AD1CB9 /* test_status_not.png */,
				CDF43DEC1DEE572000AD1CB9 /* voice@2x.png */,
			);
			path = Course;
			sourceTree = "<group>";
		};
		CDF43DCF1DEE572000AD1CB9 /* courseDetail */ = {
			isa = PBXGroup;
			children = (
				CDF43DD01DEE572000AD1CB9 /* bg_icon_to_launcher_pre.png */,
				CDF43DD11DEE572000AD1CB9 /* bg_icon_to_launcher_unpre.png */,
				CDF43DD21DEE572000AD1CB9 /* bg_school_share_pre.png */,
				CDF43DD31DEE572000AD1CB9 /* bg_school_share_unpre.png */,
				CDF43DD41DEE572000AD1CB9 /* course_catalog_icon.png */,
				CDF43DD51DEE572000AD1CB9 /* course_class_nums_icon.png */,
				CDF43DD61DEE572000AD1CB9 /* course_info_icon.png */,
				CDF43DD71DEE572000AD1CB9 /* course_info_title_vote@2x.png */,
				CDF43DD81DEE572000AD1CB9 /* course_live_icon.png */,
				CDF43DD91DEE572000AD1CB9 /* course_studs_nums_green.png */,
				CDF43DDA1DEE572000AD1CB9 /* desktop@2x.png */,
				CDF43DDB1DEE572000AD1CB9 /* desktop_press@2x.png */,
				CDF43DDC1DEE572000AD1CB9 /* school_pic1@2x.jpg */,
				CDF43DDD1DEE572000AD1CB9 /* school_pic2@2x.jpg */,
				CDF43DDE1DEE572000AD1CB9 /* school_pic3@2x.jpg */,
				CDF43DDF1DEE572000AD1CB9 /* school_pic4@2x.jpg */,
				CDF43DE01DEE572000AD1CB9 /* school_pic5@2x.jpg */,
				CDF43DE11DEE572000AD1CB9 /* school_pic6@2x.jpg */,
				CDF43DE21DEE572000AD1CB9 /* school_pic7@2x.jpg */,
				CDF43DE31DEE572000AD1CB9 /* school_pic8@2x.jpg */,
				CDF43DE41DEE572000AD1CB9 /* school_pic9@2x.jpg */,
				CDF43DE51DEE572000AD1CB9 /* share@2x.png */,
				CDF43DE61DEE572000AD1CB9 /* share_press@2x.png */,
			);
			path = courseDetail;
			sourceTree = "<group>";
		};
		CDF43DEE1DEE572000AD1CB9 /* launch */ = {
			isa = PBXGroup;
			children = (
				CDF43DEF1DEE572000AD1CB9 /* LaunchImageIPhone-568h@2x.png */,
				CDF43DF01DEE572000AD1CB9 /* LaunchImageIPhone-700@2x.png */,
				CDF43DF11DEE572000AD1CB9 /* LaunchImageIPhone-800-667h@2x.png */,
				CDF43DF21DEE572000AD1CB9 /* LaunchImageIPhone-800-Portrait-736h@3x.png */,
			);
			path = launch;
			sourceTree = "<group>";
		};
		CDF43DF41DEE572000AD1CB9 /* Refresh */ = {
			isa = PBXGroup;
			children = (
				CDF43DF51DEE572000AD1CB9 /* icon_listheader_animation_1@2x.png */,
				CDF43DF61DEE572000AD1CB9 /* icon_listheader_animation_2@2x.png */,
			);
			path = Refresh;
			sourceTree = "<group>";
		};
		CDF43DF71DEE572000AD1CB9 /* tabbar */ = {
			isa = PBXGroup;
			children = (
				CDF43DF81DEE572000AD1CB9 /* bottom_tab1_pre@2x.png */,
				CDF43DF91DEE572000AD1CB9 /* bottom_tab1_unpre@2x.png */,
				CDF43DFA1DEE572000AD1CB9 /* bottom_tab2_pre@2x.png */,
				CDF43DFB1DEE572000AD1CB9 /* bottom_tab2_unpre@2x.png */,
				CDF43DFC1DEE572000AD1CB9 /* bottom_tab3_pre@2x.png */,
				CDF43DFD1DEE572000AD1CB9 /* bottom_tab3_unpre@2x.png */,
			);
			path = tabbar;
			sourceTree = "<group>";
		};
		E8FD8D3333A074559E911922 /* Pods */ = {
			isa = PBXGroup;
			children = (
				85818A108489FB7D925A2420 /* Pods-two.debug.xcconfig */,
				010167A0C2A5A9C0A50ADCDC /* Pods-two.release.xcconfig */,
			);
			name = Pods;
			sourceTree = "<group>";
		};
/* End PBXGroup section */

/* Begin PBXNativeTarget section */
		CDA894991DEC39C00078D2FF /* two */ = {
			isa = PBXNativeTarget;
			buildConfigurationList = CDA894C71DEC39C00078D2FF /* Build configuration list for PBXNativeTarget "two" */;
			buildPhases = (
				302CAA069CC97920EB7F997C /* [CP] Check Pods Manifest.lock */,
				CDA894961DEC39C00078D2FF /* Sources */,
				CDA894971DEC39C00078D2FF /* Frameworks */,
				CDA894981DEC39C00078D2FF /* Resources */,
				28F8807BA22BF2649D2AFF57 /* [CP] Embed Pods Frameworks */,
				79A00A77F40B39DDA9B3A45E /* [CP] Copy Pods Resources */,
			);
			buildRules = (
			);
			dependencies = (
			);
			name = two;
			productName = two;
			productReference = CDA8949A1DEC39C00078D2FF /* two.app */;
			productType = "com.apple.product-type.application";
		};
		CDA894B21DEC39C00078D2FF /* twoTests */ = {
			isa = PBXNativeTarget;
			buildConfigurationList = CDA894CA1DEC39C00078D2FF /* Build configuration list for PBXNativeTarget "twoTests" */;
			buildPhases = (
				CDA894AF1DEC39C00078D2FF /* Sources */,
				CDA894B01DEC39C00078D2FF /* Frameworks */,
				CDA894B11DEC39C00078D2FF /* Resources */,
			);
			buildRules = (
			);
			dependencies = (
				CDA894B51DEC39C00078D2FF /* PBXTargetDependency */,
			);
			name = twoTests;
			productName = twoTests;
			productReference = CDA894B31DEC39C00078D2FF /* twoTests.xctest */;
			productType = "com.apple.product-type.bundle.unit-test";
		};
		CDA894BD1DEC39C00078D2FF /* twoUITests */ = {
			isa = PBXNativeTarget;
			buildConfigurationList = CDA894CD1DEC39C00078D2FF /* Build configuration list for PBXNativeTarget "twoUITests" */;
			buildPhases = (
				CDA894BA1DEC39C00078D2FF /* Sources */,
				CDA894BB1DEC39C00078D2FF /* Frameworks */,
				CDA894BC1DEC39C00078D2FF /* Resources */,
			);
			buildRules = (
			);
			dependencies = (
				CDA894C01DEC39C00078D2FF /* PBXTargetDependency */,
			);
			name = twoUITests;
			productName = twoUITests;
			productReference = CDA894BE1DEC39C00078D2FF /* twoUITests.xctest */;
			productType = "com.apple.product-type.bundle.ui-testing";
		};
/* End PBXNativeTarget section */

/* Begin PBXProject section */
		CDA894921DEC39C00078D2FF /* Project object */ = {
			isa = PBXProject;
			attributes = {
				LastUpgradeCheck = 0810;
				ORGANIZATIONNAME = Gust50;
				TargetAttributes = {
					CDA894991DEC39C00078D2FF = {
						CreatedOnToolsVersion = 8.1;
						DevelopmentTeam = 88UGLVT78T;
						ProvisioningStyle = Automatic;
					};
					CDA894B21DEC39C00078D2FF = {
						CreatedOnToolsVersion = 8.1;
						ProvisioningStyle = Automatic;
						TestTargetID = CDA894991DEC39C00078D2FF;
					};
					CDA894BD1DEC39C00078D2FF = {
						CreatedOnToolsVersion = 8.1;
						ProvisioningStyle = Automatic;
						TestTargetID = CDA894991DEC39C00078D2FF;
					};
				};
			};
			buildConfigurationList = CDA894951DEC39C00078D2FF /* Build configuration list for PBXProject "two" */;
			compatibilityVersion = "Xcode 3.2";
			developmentRegion = English;
			hasScannedForEncodings = 0;
			knownRegions = (
				en,
				Base,
			);
			mainGroup = CDA894911DEC39C00078D2FF;
			productRefGroup = CDA8949B1DEC39C00078D2FF /* Products */;
			projectDirPath = "";
			projectRoot = "";
			targets = (
				CDA894991DEC39C00078D2FF /* two */,
				CDA894B21DEC39C00078D2FF /* twoTests */,
				CDA894BD1DEC39C00078D2FF /* twoUITests */,
			);
		};
/* End PBXProject section */

/* Begin PBXResourcesBuildPhase section */
		CDA894981DEC39C00078D2FF /* Resources */ = {
			isa = PBXResourcesBuildPhase;
			buildActionMask = 2147483647;
			files = (
				CDF43E3A1DEE572000AD1CB9 /* voice@2x.png in Resources */,
				CDF43E381DEE572000AD1CB9 /* test_status_ing.png in Resources */,
				CDF43E451DEE572000AD1CB9 /* bottom_tab2_pre@2x.png in Resources */,
				CDF43E261DEE572000AD1CB9 /* course_live_icon.png in Resources */,
				CDF43E241DEE572000AD1CB9 /* course_info_icon.png in Resources */,
				CDF43E3C1DEE572000AD1CB9 /* LaunchImageIPhone-568h@2x.png in Resources */,
				CDF43E461DEE572000AD1CB9 /* bottom_tab2_unpre@2x.png in Resources */,
				CDF43E551DEEAA1100AD1CB9 /* InfoConfig.plist in Resources */,
				CDF43E121DEE572000AD1CB9 /* channel_icon_servant_pre.png in Resources */,
				CDF43E1D1DEE572000AD1CB9 /* course_studs_nums.png in Resources */,
				CDA894AD1DEC39C00078D2FF /* LaunchScreen.storyboard in Resources */,
				CDF43E111DEE572000AD1CB9 /* channel_icon_school_unpre.png in Resources */,
				CDF43E351DEE572000AD1CB9 /* file_tital_back_but@2x.png in Resources */,
				CDF43E191DEE572000AD1CB9 /* course_info_bg_collect@2x.png in Resources */,
				CDF43E571DEEAB7700AD1CB9 /* iCategoryList.plist in Resources */,
				CDA894AA1DEC39C00078D2FF /* Assets.xcassets in Resources */,
				CDF43E021DEE572000AD1CB9 /* channel_icon_college_pre.png in Resources */,
				CDF43E2A1DEE572000AD1CB9 /* school_pic1@2x.jpg in Resources */,
				CDF43E251DEE572000AD1CB9 /* course_info_title_vote@2x.png in Resources */,
				CDF43E361DEE572000AD1CB9 /* search_btn_unpre_bg.png in Resources */,
				CDF43E211DEE572000AD1CB9 /* bg_school_share_unpre.png in Resources */,
				CDF43E141DEE572000AD1CB9 /* channel_icon_work_pre.png in Resources */,
				CDF43E171DEE572000AD1CB9 /* course_class_study_status_ing.png in Resources */,
				CDF43E061DEE572000AD1CB9 /* channel_icon_entertainment_pre.png in Resources */,
				CDF43E091DEE572000AD1CB9 /* channel_icon_foreign_unpre.png in Resources */,
				CDF43E2F1DEE572000AD1CB9 /* school_pic6@2x.jpg in Resources */,
				CDF43E1E1DEE572000AD1CB9 /* bg_icon_to_launcher_pre.png in Resources */,
				CDF43E131DEE572000AD1CB9 /* channel_icon_servant_unpre.png in Resources */,
				CDF43E101DEE572000AD1CB9 /* channel_icon_school_pre.png in Resources */,
				CDF43E071DEE572000AD1CB9 /* channel_icon_entertainment_unpre.png in Resources */,
				CDF43E441DEE572000AD1CB9 /* bottom_tab1_unpre@2x.png in Resources */,
				CDF43E1B1DEE572000AD1CB9 /* course_school_classify_icon.png in Resources */,
				CDF43E3E1DEE572000AD1CB9 /* LaunchImageIPhone-800-667h@2x.png in Resources */,
				CDF43E421DEE572000AD1CB9 /* icon_listheader_animation_2@2x.png in Resources */,
				CDF43E001DEE572000AD1CB9 /* channel_icon_certificate_pre.png in Resources */,
				CDF43E531DEEA91700AD1CB9 /* classCategory.plist in Resources */,
				CDF43E371DEE572000AD1CB9 /* test_status_end.png in Resources */,
				CDF43E0C1DEE572000AD1CB9 /* channel_icon_live_pre.png in Resources */,
				CDF43E081DEE572000AD1CB9 /* channel_icon_foreign_pre.png in Resources */,
				CDF43E341DEE572000AD1CB9 /* share_press@2x.png in Resources */,
				CDF43E291DEE572000AD1CB9 /* desktop_press@2x.png in Resources */,
				CDF43E0A1DEE572000AD1CB9 /* channel_icon_invest_pre.png in Resources */,
				CDF43E3F1DEE572000AD1CB9 /* LaunchImageIPhone-800-Portrait-736h@3x.png in Resources */,
				CDF43E201DEE572000AD1CB9 /* bg_school_share_pre.png in Resources */,
				CDF43E0F1DEE572000AD1CB9 /* channel_icon_program_unpre.png in Resources */,
				CDF43DFE1DEE572000AD1CB9 /* channel_icon_abroad_pre.png in Resources */,
				CDF43E321DEE572000AD1CB9 /* school_pic9@2x.jpg in Resources */,
				CDF43E3B1DEE572000AD1CB9 /* defualt_course_icon.jpg in Resources */,
				CDF43E2E1DEE572000AD1CB9 /* school_pic5@2x.jpg in Resources */,
				CDF43E0B1DEE572000AD1CB9 /* channel_icon_invest_unpre.png in Resources */,
				CDA894A81DEC39C00078D2FF /* Main.storyboard in Resources */,
				CDF43E041DEE572000AD1CB9 /* channel_icon_design_pre.png in Resources */,
				CDF43E051DEE572000AD1CB9 /* channel_icon_design_unpre.png in Resources */,
				CDF43E0E1DEE572000AD1CB9 /* channel_icon_program_pre.png in Resources */,
				CDF43E471DEE572000AD1CB9 /* bottom_tab3_pre@2x.png in Resources */,
				CDF43E151DEE572000AD1CB9 /* channel_icon_work_unpre.png in Resources */,
				CDF43E2C1DEE572000AD1CB9 /* school_pic3@2x.jpg in Resources */,
				CDF43E011DEE572000AD1CB9 /* channel_icon_certificate_unpre.png in Resources */,
				CDF43E231DEE572000AD1CB9 /* course_class_nums_icon.png in Resources */,
				CDF43E401DEE572000AD1CB9 /* lesson_default@2x.png in Resources */,
				CDF43E181DEE572000AD1CB9 /* course_class_study_status_not.png in Resources */,
				CDF43E481DEE572000AD1CB9 /* bottom_tab3_unpre@2x.png in Resources */,
				CDF43E2B1DEE572000AD1CB9 /* school_pic2@2x.jpg in Resources */,
				CDF43E031DEE572000AD1CB9 /* channel_icon_college_unpre.png in Resources */,
				CDF43DFF1DEE572000AD1CB9 /* channel_icon_abroad_unpre.png in Resources */,
				CDF43E431DEE572000AD1CB9 /* bottom_tab1_pre@2x.png in Resources */,
				CDF43E2D1DEE572000AD1CB9 /* school_pic4@2x.jpg in Resources */,
				CDF43E1A1DEE572000AD1CB9 /* course_info_bg_collected@2x.png in Resources */,
				CDF43E221DEE572000AD1CB9 /* course_catalog_icon.png in Resources */,
				CDF43E331DEE572000AD1CB9 /* share@2x.png in Resources */,
				CDF43E301DEE572000AD1CB9 /* school_pic7@2x.jpg in Resources */,
				CDF43E161DEE572000AD1CB9 /* course_class_study_status_end.png in Resources */,
				CDDA4EC51DED61E500506B0A /* DSCollectionViewCell.xib in Resources */,
				CDF43E391DEE572000AD1CB9 /* test_status_not.png in Resources */,
				CDF43E281DEE572000AD1CB9 /* desktop@2x.png in Resources */,
				CDF43E1C1DEE572000AD1CB9 /* course_school_icon.png in Resources */,
				CDF43E0D1DEE572000AD1CB9 /* channel_icon_live_unpre.png in Resources */,
				CDF43E1F1DEE572000AD1CB9 /* bg_icon_to_launcher_unpre.png in Resources */,
				CDF43E311DEE572000AD1CB9 /* school_pic8@2x.jpg in Resources */,
				CDF43E3D1DEE572000AD1CB9 /* LaunchImageIPhone-700@2x.png in Resources */,
				CDF43E271DEE572000AD1CB9 /* course_studs_nums_green.png in Resources */,
				CDF43E411DEE572000AD1CB9 /* icon_listheader_animation_1@2x.png in Resources */,
			);
			runOnlyForDeploymentPostprocessing = 0;
		};
		CDA894B11DEC39C00078D2FF /* Resources */ = {
			isa = PBXResourcesBuildPhase;
			buildActionMask = 2147483647;
			files = (
			);
			runOnlyForDeploymentPostprocessing = 0;
		};
		CDA894BC1DEC39C00078D2FF /* Resources */ = {
			isa = PBXResourcesBuildPhase;
			buildActionMask = 2147483647;
			files = (
			);
			runOnlyForDeploymentPostprocessing = 0;
		};
/* End PBXResourcesBuildPhase section */

/* Begin PBXShellScriptBuildPhase section */
		28F8807BA22BF2649D2AFF57 /* [CP] Embed Pods Frameworks */ = {
			isa = PBXShellScriptBuildPhase;
			buildActionMask = 2147483647;
			files = (
			);
			inputPaths = (
			);
			name = "[CP] Embed Pods Frameworks";
			outputPaths = (
			);
			runOnlyForDeploymentPostprocessing = 0;
			shellPath = /bin/sh;
			shellScript = "\"${SRCROOT}/Pods/Target Support Files/Pods-two/Pods-two-frameworks.sh\"\n";
			showEnvVarsInLog = 0;
		};
		302CAA069CC97920EB7F997C /* [CP] Check Pods Manifest.lock */ = {
			isa = PBXShellScriptBuildPhase;
			buildActionMask = 2147483647;
			files = (
			);
			inputPaths = (
			);
			name = "[CP] Check Pods Manifest.lock";
			outputPaths = (
			);
			runOnlyForDeploymentPostprocessing = 0;
			shellPath = /bin/sh;
			shellScript = "diff \"${PODS_ROOT}/../Podfile.lock\" \"${PODS_ROOT}/Manifest.lock\" > /dev/null\nif [[ $? != 0 ]] ; then\n    cat << EOM\nerror: The sandbox is not in sync with the Podfile.lock. Run 'pod install' or update your CocoaPods installation.\nEOM\n    exit 1\nfi\n";
			showEnvVarsInLog = 0;
		};
		79A00A77F40B39DDA9B3A45E /* [CP] Copy Pods Resources */ = {
			isa = PBXShellScriptBuildPhase;
			buildActionMask = 2147483647;
			files = (
			);
			inputPaths = (
			);
			name = "[CP] Copy Pods Resources";
			outputPaths = (
			);
			runOnlyForDeploymentPostprocessing = 0;
			shellPath = /bin/sh;
			shellScript = "\"${SRCROOT}/Pods/Target Support Files/Pods-two/Pods-two-resources.sh\"\n";
			showEnvVarsInLog = 0;
		};
/* End PBXShellScriptBuildPhase section */

/* Begin PBXSourcesBuildPhase section */
		CDA894961DEC39C00078D2FF /* Sources */ = {
			isa = PBXSourcesBuildPhase;
			buildActionMask = 2147483647;
			files = (
				CDF69B301DF1290D00AC5386 /* listViewCell.m in Sources */,
				CDDA4E891DED142700506B0A /* DownLoadVC.m in Sources */,
				CDDA4E911DED1B2700506B0A /* BaseViewController.m in Sources */,
				CD2B9A801DF4F612001EAB3F /* FirstDetailViewController.m in Sources */,
				CDF43E5A1DEEB2B700AD1CB9 /* classficModel.m in Sources */,
				CD0052411DF907B500E76BF5 /* courceThreeCell.m in Sources */,
				CD1430DB1DF007BB00B9B74E /* twoCell.m in Sources */,
				CDDA4E801DED11C400506B0A /* MainTabBar.m in Sources */,
				CDDA4E8C1DED149C00506B0A /* NavigationVC.m in Sources */,
				CD00524D1DF9402300E76BF5 /* MoreViewController.m in Sources */,
				CD8386C11DF7BF7B00C0D534 /* headerCell.m in Sources */,
				CD1430D61DEFCD2900B9B74E /* NetworkSingleton.m in Sources */,
				CDDA4EAC1DED509D00506B0A /* segementView.m in Sources */,
				CD1430DE1DF0084100B9B74E /* MainVC.m in Sources */,
				CD2B9A831DF572B6001EAB3F /* firstDetailCell.m in Sources */,
				CD0052441DF907C600E76BF5 /* courceFourCell.m in Sources */,
				CD1430CC1DEFA90000B9B74E /* oneCell.m in Sources */,
				CDDA4E981DED1BAF00506B0A /* SearchVC.m in Sources */,
				CD0D3EDB1DFA43880049F30E /* commentCell.m in Sources */,
				CDF43E4E1DEE835300AD1CB9 /* ClassficViewController.m in Sources */,
				CDDA4E921DED1B2700506B0A /* SearchBaseController.m in Sources */,
				CD0052501DF94B6700E76BF5 /* DetailViewController.m in Sources */,
				CDF43E5D1DEEC44000AD1CB9 /* ListViewController.m in Sources */,
				CD00523B1DF8FFAE00E76BF5 /* SchoolViewController.m in Sources */,
				CDF43E511DEE9DFF00AD1CB9 /* classifyCell.m in Sources */,
				CD0052531DF94B7700E76BF5 /* CommentViewController.m in Sources */,
				CDDA4EC31DED61E500506B0A /* DSCarouselView.m in Sources */,
				CDA894A51DEC39C00078D2FF /* ViewController.m in Sources */,
				CDA894A21DEC39C00078D2FF /* AppDelegate.m in Sources */,
				CDDA4E951DED1B3900506B0A /* UIView+frame.m in Sources */,
				CDDA4E861DED13E700506B0A /* MineVC.m in Sources */,
				CD0C0BB11DF7AD150044F7AC /* headerView.m in Sources */,
				CD8386C61DF7FA3700C0D534 /* VideoDetailViewController.m in Sources */,
				CDA8949F1DEC39C00078D2FF /* main.m in Sources */,
				CDDA4E831DED13CA00506B0A /* LessonVC.m in Sources */,
				CD00523E1DF907A400E76BF5 /* courceOneCell.m in Sources */,
				CDDA4EC41DED61E500506B0A /* DSCollectionViewCell.m in Sources */,
			);
			runOnlyForDeploymentPostprocessing = 0;
		};
		CDA894AF1DEC39C00078D2FF /* Sources */ = {
			isa = PBXSourcesBuildPhase;
			buildActionMask = 2147483647;
			files = (
				CDA894B81DEC39C00078D2FF /* twoTests.m in Sources */,
			);
			runOnlyForDeploymentPostprocessing = 0;
		};
		CDA894BA1DEC39C00078D2FF /* Sources */ = {
			isa = PBXSourcesBuildPhase;
			buildActionMask = 2147483647;
			files = (
				CDA894C31DEC39C00078D2FF /* twoUITests.m in Sources */,
			);
			runOnlyForDeploymentPostprocessing = 0;
		};
/* End PBXSourcesBuildPhase section */

/* Begin PBXTargetDependency section */
		CDA894B51DEC39C00078D2FF /* PBXTargetDependency */ = {
			isa = PBXTargetDependency;
			target = CDA894991DEC39C00078D2FF /* two */;
			targetProxy = CDA894B41DEC39C00078D2FF /* PBXContainerItemProxy */;
		};
		CDA894C01DEC39C00078D2FF /* PBXTargetDependency */ = {
			isa = PBXTargetDependency;
			target = CDA894991DEC39C00078D2FF /* two */;
			targetProxy = CDA894BF1DEC39C00078D2FF /* PBXContainerItemProxy */;
		};
/* End PBXTargetDependency section */

/* Begin PBXVariantGroup section */
		CDA894A61DEC39C00078D2FF /* Main.storyboard */ = {
			isa = PBXVariantGroup;
			children = (
				CDA894A71DEC39C00078D2FF /* Base */,
			);
			name = Main.storyboard;
			sourceTree = "<group>";
		};
		CDA894AB1DEC39C00078D2FF /* LaunchScreen.storyboard */ = {
			isa = PBXVariantGroup;
			children = (
				CDA894AC1DEC39C00078D2FF /* Base */,
			);
			name = LaunchScreen.storyboard;
			sourceTree = "<group>";
		};
/* End PBXVariantGroup section */

/* Begin XCBuildConfiguration section */
		CDA894C51DEC39C00078D2FF /* Debug */ = {
			isa = XCBuildConfiguration;
			buildSettings = {
				ALWAYS_SEARCH_USER_PATHS = NO;
				CLANG_ANALYZER_NONNULL = YES;
				CLANG_CXX_LANGUAGE_STANDARD = "gnu++0x";
				CLANG_CXX_LIBRARY = "libc++";
				CLANG_ENABLE_MODULES = YES;
				CLANG_ENABLE_OBJC_ARC = YES;
				CLANG_WARN_BOOL_CONVERSION = YES;
				CLANG_WARN_CONSTANT_CONVERSION = YES;
				CLANG_WARN_DIRECT_OBJC_ISA_USAGE = YES_ERROR;
				CLANG_WARN_DOCUMENTATION_COMMENTS = YES;
				CLANG_WARN_EMPTY_BODY = YES;
				CLANG_WARN_ENUM_CONVERSION = YES;
				CLANG_WARN_INFINITE_RECURSION = YES;
				CLANG_WARN_INT_CONVERSION = YES;
				CLANG_WARN_OBJC_ROOT_CLASS = YES_ERROR;
				CLANG_WARN_SUSPICIOUS_MOVES = YES;
				CLANG_WARN_UNREACHABLE_CODE = YES;
				CLANG_WARN__DUPLICATE_METHOD_MATCH = YES;
				"CODE_SIGN_IDENTITY[sdk=iphoneos*]" = "iPhone Developer";
				COPY_PHASE_STRIP = NO;
				DEBUG_INFORMATION_FORMAT = dwarf;
				ENABLE_STRICT_OBJC_MSGSEND = YES;
				ENABLE_TESTABILITY = YES;
				GCC_C_LANGUAGE_STANDARD = gnu99;
				GCC_DYNAMIC_NO_PIC = NO;
				GCC_NO_COMMON_BLOCKS = YES;
				GCC_OPTIMIZATION_LEVEL = 0;
				GCC_PREPROCESSOR_DEFINITIONS = (
					"DEBUG=1",
					"$(inherited)",
				);
				GCC_WARN_64_TO_32_BIT_CONVERSION = YES;
				GCC_WARN_ABOUT_RETURN_TYPE = YES_ERROR;
				GCC_WARN_UNDECLARED_SELECTOR = YES;
				GCC_WARN_UNINITIALIZED_AUTOS = YES_AGGRESSIVE;
				GCC_WARN_UNUSED_FUNCTION = YES;
				GCC_WARN_UNUSED_VARIABLE = YES;
				IPHONEOS_DEPLOYMENT_TARGET = 10.1;
				MTL_ENABLE_DEBUG_INFO = YES;
				ONLY_ACTIVE_ARCH = YES;
				SDKROOT = iphoneos;
			};
			name = Debug;
		};
		CDA894C61DEC39C00078D2FF /* Release */ = {
			isa = XCBuildConfiguration;
			buildSettings = {
				ALWAYS_SEARCH_USER_PATHS = NO;
				CLANG_ANALYZER_NONNULL = YES;
				CLANG_CXX_LANGUAGE_STANDARD = "gnu++0x";
				CLANG_CXX_LIBRARY = "libc++";
				CLANG_ENABLE_MODULES = YES;
				CLANG_ENABLE_OBJC_ARC = YES;
				CLANG_WARN_BOOL_CONVERSION = YES;
				CLANG_WARN_CONSTANT_CONVERSION = YES;
				CLANG_WARN_DIRECT_OBJC_ISA_USAGE = YES_ERROR;
				CLANG_WARN_DOCUMENTATION_COMMENTS = YES;
				CLANG_WARN_EMPTY_BODY = YES;
				CLANG_WARN_ENUM_CONVERSION = YES;
				CLANG_WARN_INFINITE_RECURSION = YES;
				CLANG_WARN_INT_CONVERSION = YES;
				CLANG_WARN_OBJC_ROOT_CLASS = YES_ERROR;
				CLANG_WARN_SUSPICIOUS_MOVES = YES;
				CLANG_WARN_UNREACHABLE_CODE = YES;
				CLANG_WARN__DUPLICATE_METHOD_MATCH = YES;
				"CODE_SIGN_IDENTITY[sdk=iphoneos*]" = "iPhone Developer";
				COPY_PHASE_STRIP = NO;
				DEBUG_INFORMATION_FORMAT = "dwarf-with-dsym";
				ENABLE_NS_ASSERTIONS = NO;
				ENABLE_STRICT_OBJC_MSGSEND = YES;
				GCC_C_LANGUAGE_STANDARD = gnu99;
				GCC_NO_COMMON_BLOCKS = YES;
				GCC_WARN_64_TO_32_BIT_CONVERSION = YES;
				GCC_WARN_ABOUT_RETURN_TYPE = YES_ERROR;
				GCC_WARN_UNDECLARED_SELECTOR = YES;
				GCC_WARN_UNINITIALIZED_AUTOS = YES_AGGRESSIVE;
				GCC_WARN_UNUSED_FUNCTION = YES;
				GCC_WARN_UNUSED_VARIABLE = YES;
				IPHONEOS_DEPLOYMENT_TARGET = 10.1;
				MTL_ENABLE_DEBUG_INFO = NO;
				SDKROOT = iphoneos;
				VALIDATE_PRODUCT = YES;
			};
			name = Release;
		};
		CDA894C81DEC39C00078D2FF /* Debug */ = {
			isa = XCBuildConfiguration;
			baseConfigurationReference = 85818A108489FB7D925A2420 /* Pods-two.debug.xcconfig */;
			buildSettings = {
				ASSETCATALOG_COMPILER_APPICON_NAME = AppIcon;
				DEVELOPMENT_TEAM = 88UGLVT78T;
				GCC_PRECOMPILE_PREFIX_HEADER = YES;
				GCC_PREFIX_HEADER = "$(SRCROOT)/two/Header.pch";
				INFOPLIST_FILE = two/Info.plist;
				LD_RUNPATH_SEARCH_PATHS = "$(inherited) @executable_path/Frameworks";
				PRODUCT_BUNDLE_IDENTIFIER = Xtiger.two;
				PRODUCT_NAME = "$(TARGET_NAME)";
			};
			name = Debug;
		};
		CDA894C91DEC39C00078D2FF /* Release */ = {
			isa = XCBuildConfiguration;
			baseConfigurationReference = 010167A0C2A5A9C0A50ADCDC /* Pods-two.release.xcconfig */;
			buildSettings = {
				ASSETCATALOG_COMPILER_APPICON_NAME = AppIcon;
				DEVELOPMENT_TEAM = 88UGLVT78T;
				GCC_PRECOMPILE_PREFIX_HEADER = YES;
				GCC_PREFIX_HEADER = "$(SRCROOT)/two/Header.pch";
				INFOPLIST_FILE = two/Info.plist;
				LD_RUNPATH_SEARCH_PATHS = "$(inherited) @executable_path/Frameworks";
				PRODUCT_BUNDLE_IDENTIFIER = Xtiger.two;
				PRODUCT_NAME = "$(TARGET_NAME)";
			};
			name = Release;
		};
		CDA894CB1DEC39C00078D2FF /* Debug */ = {
			isa = XCBuildConfiguration;
			buildSettings = {
				BUNDLE_LOADER = "$(TEST_HOST)";
				INFOPLIST_FILE = twoTests/Info.plist;
				LD_RUNPATH_SEARCH_PATHS = "$(inherited) @executable_path/Frameworks @loader_path/Frameworks";
				PRODUCT_BUNDLE_IDENTIFIER = Xtiger.twoTests;
				PRODUCT_NAME = "$(TARGET_NAME)";
				TEST_HOST = "$(BUILT_PRODUCTS_DIR)/two.app/two";
			};
			name = Debug;
		};
		CDA894CC1DEC39C00078D2FF /* Release */ = {
			isa = XCBuildConfiguration;
			buildSettings = {
				BUNDLE_LOADER = "$(TEST_HOST)";
				INFOPLIST_FILE = twoTests/Info.plist;
				LD_RUNPATH_SEARCH_PATHS = "$(inherited) @executable_path/Frameworks @loader_path/Frameworks";
				PRODUCT_BUNDLE_IDENTIFIER = Xtiger.twoTests;
				PRODUCT_NAME = "$(TARGET_NAME)";
				TEST_HOST = "$(BUILT_PRODUCTS_DIR)/two.app/two";
			};
			name = Release;
		};
		CDA894CE1DEC39C00078D2FF /* Debug */ = {
			isa = XCBuildConfiguration;
			buildSettings = {
				INFOPLIST_FILE = twoUITests/Info.plist;
				LD_RUNPATH_SEARCH_PATHS = "$(inherited) @executable_path/Frameworks @loader_path/Frameworks";
				PRODUCT_BUNDLE_IDENTIFIER = Xtiger.twoUITests;
				PRODUCT_NAME = "$(TARGET_NAME)";
				TEST_TARGET_NAME = two;
			};
			name = Debug;
		};
		CDA894CF1DEC39C00078D2FF /* Release */ = {
			isa = XCBuildConfiguration;
			buildSettings = {
				INFOPLIST_FILE = twoUITests/Info.plist;
				LD_RUNPATH_SEARCH_PATHS = "$(inherited) @executable_path/Frameworks @loader_path/Frameworks";
				PRODUCT_BUNDLE_IDENTIFIER = Xtiger.twoUITests;
				PRODUCT_NAME = "$(TARGET_NAME)";
				TEST_TARGET_NAME = two;
			};
			name = Release;
		};
/* End XCBuildConfiguration section */

/* Begin XCConfigurationList section */
		CDA894951DEC39C00078D2FF /* Build configuration list for PBXProject "two" */ = {
			isa = XCConfigurationList;
			buildConfigurations = (
				CDA894C51DEC39C00078D2FF /* Debug */,
				CDA894C61DEC39C00078D2FF /* Release */,
			);
			defaultConfigurationIsVisible = 0;
			defaultConfigurationName = Release;
		};
		CDA894C71DEC39C00078D2FF /* Build configuration list for PBXNativeTarget "two" */ = {
			isa = XCConfigurationList;
			buildConfigurations = (
				CDA894C81DEC39C00078D2FF /* Debug */,
				CDA894C91DEC39C00078D2FF /* Release */,
			);
			defaultConfigurationIsVisible = 0;
			defaultConfigurationName = Release;
		};
		CDA894CA1DEC39C00078D2FF /* Build configuration list for PBXNativeTarget "twoTests" */ = {
			isa = XCConfigurationList;
			buildConfigurations = (
				CDA894CB1DEC39C00078D2FF /* Debug */,
				CDA894CC1DEC39C00078D2FF /* Release */,
			);
			defaultConfigurationIsVisible = 0;
			defaultConfigurationName = Release;
		};
		CDA894CD1DEC39C00078D2FF /* Build configuration list for PBXNativeTarget "twoUITests" */ = {
			isa = XCConfigurationList;
			buildConfigurations = (
				CDA894CE1DEC39C00078D2FF /* Debug */,
				CDA894CF1DEC39C00078D2FF /* Release */,
			);
			defaultConfigurationIsVisible = 0;
			defaultConfigurationName = Release;
		};
/* End XCConfigurationList section */
	};
	rootObject = CDA894921DEC39C00078D2FF /* Project object */;
}
